<?xml version="1.0" encoding="UTF-8"?>
<CONFIG>
  <ProjectOptions>
    <Version Value="11"/>
    <General>
      <MainUnit Value="0"/>
      <Title Value="VPlot Driver"/>
      <ResourceType Value="res"/>
      <UseXPManifest Value="True"/>
      <XPManifest>
        <DpiAware Value="True"/>
      </XPManifest>
      <Icon Value="0"/>
    </General>
    <BuildModes Count="2" Active="Debug">
      <Item1 Name="Release" Default="True"/>
      <Item2 Name="Debug">
        <CompilerOptions>
          <Version Value="11"/>
          <Target>
            <Filename Value="build/$(TargetCPU)-$(TargetOS)/bin/vplot"/>
          </Target>
          <SearchPaths>
            <IncludeFiles Value="$(ProjOutDir);src"/>
            <OtherUnitFiles Value="src"/>
            <UnitOutputDirectory Value="build/$(TargetCPU)-$(TargetOS)/lib"/>
          </SearchPaths>
          <Parsing>
            <SyntaxOptions>
              <CStyleOperator Value="False"/>
              <IncludeAssertionCode Value="True"/>
              <AllowLabel Value="False"/>
              <CPPInline Value="False"/>
              <UseAnsiStrings Value="False"/>
            </SyntaxOptions>
          </Parsing>
          <CodeGeneration>
            <Checks>
              <IOChecks Value="True"/>
              <RangeChecks Value="True"/>
              <OverflowChecks Value="True"/>
              <StackChecks Value="True"/>
            </Checks>
            <VerifyObjMethodCallValidity Value="True"/>
            <Optimizations>
              <OptimizationLevel Value="0"/>
            </Optimizations>
          </CodeGeneration>
        </CompilerOptions>
      </Item2>
    </BuildModes>
    <PublishOptions>
      <Version Value="2"/>
    </PublishOptions>
    <RunParams>
      <FormatVersion Value="2"/>
      <Modes Count="1">
        <Mode0 Name="default"/>
      </Modes>
    </RunParams>
    <RequiredPackages Count="3">
      <Item1>
        <PackageName Value="bgracontrols"/>
      </Item1>
      <Item2>
        <PackageName Value="BGRABitmapPack"/>
      </Item2>
      <Item3>
        <PackageName Value="LCL"/>
      </Item3>
    </RequiredPackages>
    <Units Count="226">
      <Unit0>
        <Filename Value="vplot.lpr"/>
        <IsPartOfProject Value="True"/>
        <CursorPos X="29" Y="18"/>
        <UsageCount Value="200"/>
        <Loaded Value="True"/>
      </Unit0>
      <Unit1>
        <Filename Value="src/main.pas"/>
        <ComponentName Value="mainform"/>
        <HasResources Value="True"/>
        <ResourceBaseClass Value="Form"/>
        <EditorIndex Value="-1"/>
        <TopLine Value="43"/>
        <CursorPos X="18" Y="83"/>
        <FoldState Value=" T3jG05p"/>
        <UsageCount Value="153"/>
      </Unit1>
      <Unit2>
        <Filename Value="src/vpcoder.pas"/>
        <EditorIndex Value="-1"/>
        <CursorPos X="6" Y="24"/>
        <UsageCount Value="181"/>
      </Unit2>
      <Unit3>
        <Filename Value="src/view.pas"/>
        <ComponentName Value="previewform"/>
        <HasResources Value="True"/>
        <ResourceBaseClass Value="Form"/>
        <EditorIndex Value="-1"/>
        <TopLine Value="15"/>
        <CursorPos X="33" Y="43"/>
        <UsageCount Value="43"/>
      </Unit3>
      <Unit4>
        <Filename Value="../fpc/source/rtl/objpas/classes/classesh.inc"/>
        <EditorIndex Value="-1"/>
        <TopLine Value="76"/>
        <CursorPos X="56" Y="94"/>
        <UsageCount Value="2"/>
      </Unit4>
      <Unit5>
        <Filename Value="../lazarus/lcl/include/customlistbox.inc"/>
        <EditorIndex Value="-1"/>
        <TopLine Value="611"/>
        <CursorPos Y="636"/>
        <UsageCount Value="4"/>
      </Unit5>
      <Unit6>
        <Filename Value="../lazarus/lcl/lclproc.pas"/>
        <UnitName Value="LCLProc"/>
        <EditorIndex Value="-1"/>
        <TopLine Value="898"/>
        <CursorPos X="13" Y="912"/>
        <UsageCount Value="3"/>
      </Unit6>
      <Unit7>
        <Filename Value="../fpc/source/rtl/inc/mathh.inc"/>
        <EditorIndex Value="-1"/>
        <TopLine Value="72"/>
        <CursorPos X="14" Y="98"/>
        <UsageCount Value="1"/>
      </Unit7>
      <Unit8>
        <Filename Value="../fpc/source/rtl/objpas/objpas.pp"/>
        <EditorIndex Value="-1"/>
        <CursorPos X="8" Y="33"/>
        <UsageCount Value="4"/>
      </Unit8>
      <Unit9>
        <Filename Value="../fpc/source/rtl/inc/systemh.inc"/>
        <EditorIndex Value="-1"/>
        <TopLine Value="555"/>
        <CursorPos X="26" Y="576"/>
        <UsageCount Value="4"/>
      </Unit9>
      <Unit10>
        <Filename Value="../../fpc/source/rtl/objpas/classes/classesh.inc"/>
        <EditorIndex Value="-1"/>
        <TopLine Value="1682"/>
        <CursorPos X="15" Y="1702"/>
        <UsageCount Value="4"/>
      </Unit10>
      <Unit11>
        <Filename Value="../../lazarus/lcl/controls.pp"/>
        <UnitName Value="Controls"/>
        <EditorIndex Value="-1"/>
        <TopLine Value="2300"/>
        <CursorPos X="14" Y="2321"/>
        <UsageCount Value="1"/>
      </Unit11>
      <Unit12>
        <Filename Value="../../lazarus/lcl/forms.pp"/>
        <UnitName Value="Forms"/>
        <EditorIndex Value="-1"/>
        <TopLine Value="49"/>
        <CursorPos X="52" Y="56"/>
        <UsageCount Value="2"/>
      </Unit12>
      <Unit13>
        <Filename Value="../../fpc/source/packages/fcl-image/src/fpcanvas.pp"/>
        <UnitName Value="FPCanvas"/>
        <EditorIndex Value="-1"/>
        <TopLine Value="327"/>
        <CursorPos X="15" Y="347"/>
        <UsageCount Value="1"/>
      </Unit13>
      <Unit14>
        <Filename Value="../../lazarus/lcl/extctrls.pp"/>
        <UnitName Value="ExtCtrls"/>
        <EditorIndex Value="-1"/>
        <TopLine Value="429"/>
        <CursorPos X="14" Y="447"/>
        <UsageCount Value="1"/>
      </Unit14>
      <Unit15>
        <Filename Value="src/wiringpi.pas"/>
        <EditorIndex Value="-1"/>
        <TopLine Value="60"/>
        <CursorPos X="3" Y="80"/>
        <UsageCount Value="10"/>
      </Unit15>
      <Unit16>
        <Filename Value="src/initform.pas"/>
        <ComponentName Value="Form1"/>
        <HasResources Value="True"/>
        <ResourceBaseClass Value="Form"/>
        <EditorIndex Value="-1"/>
        <CursorPos X="39" Y="42"/>
        <UsageCount Value="46"/>
      </Unit16>
      <Unit17>
        <Filename Value="build/arm-linux/lib/main.lrs"/>
        <EditorIndex Value="-1"/>
        <UsageCount Value="1"/>
      </Unit17>
      <Unit18>
        <Filename Value="../../fpc/source/rtl/unix/tthread.inc"/>
        <EditorIndex Value="-1"/>
        <TopLine Value="208"/>
        <CursorPos X="3" Y="210"/>
        <UsageCount Value="2"/>
      </Unit18>
      <Unit19>
        <Filename Value="../../fpc/source/rtl/inc/objpash.inc"/>
        <EditorIndex Value="-1"/>
        <TopLine Value="172"/>
        <CursorPos X="23" Y="193"/>
        <UsageCount Value="3"/>
      </Unit19>
      <Unit20>
        <Filename Value="src/vplotserver.pas"/>
        <EditorIndex Value="-1"/>
        <CursorPos X="26" Y="13"/>
        <UsageCount Value="3"/>
      </Unit20>
      <Unit21>
        <Filename Value="../lnet/lazaruspackage/lnetbase.pas"/>
        <EditorIndex Value="-1"/>
        <CursorPos X="3" Y="11"/>
        <UsageCount Value="3"/>
      </Unit21>
      <Unit22>
        <Filename Value="src/libvplotserver.pas"/>
        <EditorIndex Value="-1"/>
        <CursorPos Y="37"/>
        <UsageCount Value="3"/>
      </Unit22>
      <Unit23>
        <Filename Value="/FPC/3.0.4/source/rtl/objpas/classes/classesh.inc"/>
        <EditorIndex Value="-1"/>
        <TopLine Value="1648"/>
        <CursorPos X="17" Y="1667"/>
        <UsageCount Value="3"/>
      </Unit23>
      <Unit24>
        <Filename Value="/FPC/3.0.4/source/packages/fcl-base/src/inifiles.pp"/>
        <UnitName Value="IniFiles"/>
        <EditorIndex Value="-1"/>
        <TopLine Value="207"/>
        <CursorPos X="3" Y="200"/>
        <UsageCount Value="3"/>
      </Unit24>
      <Unit25>
        <Filename Value="src/mainfrm.pas"/>
        <IsPartOfProject Value="True"/>
        <ComponentName Value="mainform"/>
        <HasResources Value="True"/>
        <ResourceBaseClass Value="Form"/>
        <EditorIndex Value="1"/>
        <TopLine Value="334"/>
        <CursorPos Y="361"/>
        <UsageCount Value="200"/>
        <Loaded Value="True"/>
        <LoadedDesigner Value="True"/>
      </Unit25>
      <Unit26>
        <Filename Value="src/initfrm.pas"/>
        <ComponentName Value="initform"/>
        <HasResources Value="True"/>
        <ResourceBaseClass Value="Form"/>
        <EditorIndex Value="-1"/>
        <CursorPos X="43" Y="21"/>
        <UsageCount Value="53"/>
      </Unit26>
      <Unit27>
        <Filename Value="/FPC/3.0.4/source/packages/fcl-image/src/fpcanvas.pp"/>
        <UnitName Value="FPCanvas"/>
        <EditorIndex Value="-1"/>
        <TopLine Value="251"/>
        <CursorPos X="15" Y="270"/>
        <UsageCount Value="4"/>
      </Unit27>
      <Unit28>
        <Filename Value="/FPC/3.0.4/source/rtl/objpas/math.pp"/>
        <EditorIndex Value="-1"/>
        <TopLine Value="161"/>
        <CursorPos X="10" Y="180"/>
        <UsageCount Value="3"/>
      </Unit28>
      <Unit29>
        <Filename Value="../bgrabitmap/bgrabitmap/bgradefaultbitmap.pas"/>
        <UnitName Value="BGRADefaultBitmap"/>
        <EditorIndex Value="-1"/>
        <TopLine Value="238"/>
        <CursorPos X="3" Y="47"/>
        <UsageCount Value="4"/>
      </Unit29>
      <Unit30>
        <Filename Value="../bgrabitmap/bgrabitmap/bgrapixel.inc"/>
        <EditorIndex Value="-1"/>
        <TopLine Value="151"/>
        <CursorPos X="10" Y="169"/>
        <UsageCount Value="4"/>
      </Unit30>
      <Unit31>
        <Filename Value="../bgrabitmap/bgrabitmap/bgrawinbitmap.pas"/>
        <UnitName Value="BGRAWinBitmap"/>
        <EditorIndex Value="-1"/>
        <TopLine Value="27"/>
        <CursorPos X="3" Y="36"/>
        <UsageCount Value="4"/>
      </Unit31>
      <Unit32>
        <Filename Value="../bgrabitmap/bgrabitmap/csscolorconst.inc"/>
        <EditorIndex Value="-1"/>
        <CursorPos X="3" Y="12"/>
        <UsageCount Value="3"/>
      </Unit32>
      <Unit33>
        <Filename Value="../bgrabitmap/bgrabitmap/bgralclbitmap.pas"/>
        <UnitName Value="BGRALCLBitmap"/>
        <EditorIndex Value="-1"/>
        <CursorPos X="3" Y="13"/>
        <UsageCount Value="4"/>
      </Unit33>
      <Unit34>
        <Filename Value="../bgrabitmap/bgrabitmap/bgragraphics.pas"/>
        <UnitName Value="BGRAGraphics"/>
        <EditorIndex Value="-1"/>
        <CursorPos X="3" Y="19"/>
        <UsageCount Value="4"/>
      </Unit34>
      <Unit35>
        <Filename Value="../lazarus/lcl/include/custombitmap.inc"/>
        <EditorIndex Value="-1"/>
        <TopLine Value="7"/>
        <CursorPos X="3" Y="38"/>
        <UsageCount Value="4"/>
      </Unit35>
      <Unit36>
        <Filename Value="../lazarus/lcl/include/rasterimage.inc"/>
        <EditorIndex Value="-1"/>
        <TopLine Value="154"/>
        <CursorPos X="3" Y="156"/>
        <UsageCount Value="4"/>
      </Unit36>
      <Unit37>
        <Filename Value="vplotserver.lpr"/>
        <EditorIndex Value="-1"/>
        <TopLine Value="67"/>
        <CursorPos X="22" Y="91"/>
        <UsageCount Value="2"/>
      </Unit37>
      <Unit38>
        <Filename Value="../lazarus/components/fpvectorial/fpvectorial.pas"/>
        <EditorIndex Value="-1"/>
        <TopLine Value="549"/>
        <CursorPos X="3" Y="569"/>
        <UsageCount Value="10"/>
      </Unit38>
      <Unit39>
        <Filename Value="../lazarus/components/fpvectorial/avisocncgcodewriter.pas"/>
        <EditorIndex Value="-1"/>
        <TopLine Value="22"/>
        <CursorPos X="30" Y="20"/>
        <UsageCount Value="4"/>
      </Unit39>
      <Unit40>
        <Filename Value="src/gcodewriter.pas"/>
        <EditorIndex Value="-1"/>
        <FoldState Value=" T0jK624c"/>
        <UsageCount Value="123"/>
      </Unit40>
      <Unit41>
        <Filename Value="src/vpdriver.pas"/>
        <IsPartOfProject Value="True"/>
        <IsVisibleTab Value="True"/>
        <EditorIndex Value="4"/>
        <TopLine Value="112"/>
        <CursorPos X="97" Y="249"/>
        <UsageCount Value="200"/>
        <Loaded Value="True"/>
      </Unit41>
      <Unit42>
        <Filename Value="src/vpsetting.pas"/>
        <IsPartOfProject Value="True"/>
        <EditorIndex Value="-1"/>
        <CursorPos X="23" Y="10"/>
        <UsageCount Value="200"/>
      </Unit42>
      <Unit43>
        <Filename Value="/FPC/3.0.4/source/rtl/objpas/types.pp"/>
        <UnitName Value="Types"/>
        <EditorIndex Value="-1"/>
        <TopLine Value="61"/>
        <CursorPos X="3" Y="79"/>
        <UsageCount Value="2"/>
      </Unit43>
      <Unit44>
        <Filename Value="../lazarus/components/fpvectorial/dxfvectorialreader.pas"/>
        <EditorIndex Value="-1"/>
        <TopLine Value="1146"/>
        <CursorPos Y="1191"/>
        <UsageCount Value="11"/>
      </Unit44>
      <Unit45>
        <Filename Value="../lazarus/components/fpvectorial/fpvutils.pas"/>
        <EditorIndex Value="-1"/>
        <TopLine Value="846"/>
        <CursorPos X="48" Y="864"/>
        <UsageCount Value="3"/>
      </Unit45>
      <Unit46>
        <Filename Value="src/viewfrm.pas"/>
        <ComponentName Value="viewform"/>
        <HasResources Value="True"/>
        <ResourceBaseClass Value="Form"/>
        <EditorIndex Value="-1"/>
        <TopLine Value="17"/>
        <CursorPos X="37" Y="23"/>
        <UsageCount Value="87"/>
      </Unit46>
      <Unit47>
        <Filename Value="src/vppaths.pas"/>
        <IsPartOfProject Value="True"/>
        <EditorIndex Value="2"/>
        <TopLine Value="595"/>
        <CursorPos X="45" Y="609"/>
        <UsageCount Value="200"/>
        <Loaded Value="True"/>
      </Unit47>
      <Unit48>
        <Filename Value="../lazarus/lcl/controls.pp"/>
        <UnitName Value="Controls"/>
        <EditorIndex Value="-1"/>
        <TopLine Value="2235"/>
        <CursorPos X="15" Y="2337"/>
        <UsageCount Value="2"/>
      </Unit48>
      <Unit49>
        <Filename Value="src/aboutfrm.pas"/>
        <IsPartOfProject Value="True"/>
        <ComponentName Value="aboutform"/>
        <HasResources Value="True"/>
        <ResourceBaseClass Value="Form"/>
        <EditorIndex Value="-1"/>
        <CursorPos X="31" Y="23"/>
        <UsageCount Value="200"/>
      </Unit49>
      <Unit50>
        <Filename Value="src/vpsketch.pas"/>
        <EditorIndex Value="-1"/>
        <CursorPos X="45" Y="6"/>
        <UsageCount Value="181"/>
      </Unit50>
      <Unit51>
        <Filename Value="../fpc/source/packages/rtl-extra/src/inc/mmatimp.inc"/>
        <EditorIndex Value="-1"/>
        <TopLine Value="24"/>
        <CursorPos X="5" Y="46"/>
        <UsageCount Value="4"/>
      </Unit51>
      <Unit52>
        <Filename Value="../fpc/source/rtl/objpas/math.pp"/>
        <EditorIndex Value="-1"/>
        <TopLine Value="288"/>
        <CursorPos X="11" Y="312"/>
        <UsageCount Value="2"/>
      </Unit52>
      <Unit53>
        <Filename Value="src/vpmath.pas"/>
        <IsPartOfProject Value="True"/>
        <EditorIndex Value="-1"/>
        <TopLine Value="10"/>
        <CursorPos X="3" Y="33"/>
        <UsageCount Value="200"/>
      </Unit53>
      <Unit54>
        <Filename Value="src/vpwave.pas"/>
        <IsPartOfProject Value="True"/>
        <EditorIndex Value="-1"/>
        <TopLine Value="64"/>
        <UsageCount Value="200"/>
      </Unit54>
      <Unit55>
        <Filename Value="../lazarus/lcl/graphics.pp"/>
        <UnitName Value="Graphics"/>
        <EditorIndex Value="-1"/>
        <TopLine Value="1886"/>
        <CursorPos X="10" Y="1908"/>
        <UsageCount Value="13"/>
      </Unit55>
      <Unit56>
        <Filename Value="../lazarus/components/lazutils/graphtype.pp"/>
        <UnitName Value="GraphType"/>
        <EditorIndex Value="-1"/>
        <CursorPos X="3" Y="35"/>
        <UsageCount Value="10"/>
      </Unit56>
      <Unit57>
        <Filename Value="../fpc/source/rtl/objpas/sysutils/sysstrh.inc"/>
        <EditorIndex Value="-1"/>
        <TopLine Value="90"/>
        <CursorPos X="10" Y="114"/>
        <UsageCount Value="1"/>
      </Unit57>
      <Unit58>
        <Filename Value="../lazarus/components/aggpas/src/agg_curves.pas"/>
        <EditorIndex Value="-1"/>
        <TopLine Value="31"/>
        <CursorPos X="23" Y="2"/>
        <UsageCount Value="1"/>
        <DefaultSyntaxHighlighter Value="Delphi"/>
      </Unit58>
      <Unit59>
        <Filename Value="src/vpgcode.pas"/>
        <EditorIndex Value="-1"/>
        <TopLine Value="19"/>
        <CursorPos X="13" Y="22"/>
        <UsageCount Value="54"/>
      </Unit59>
      <Unit60>
        <Filename Value="/usr/share/fpcsrc/3.0.4/rtl/objpas/sysutils/osutilsh.inc"/>
        <EditorIndex Value="-1"/>
        <CursorPos X="43" Y="17"/>
        <UsageCount Value="2"/>
      </Unit60>
      <Unit61>
        <Filename Value="/usr/share/fpcsrc/3.0.4/rtl/objpas/math.pp"/>
        <EditorIndex Value="-1"/>
        <TopLine Value="289"/>
        <CursorPos X="11" Y="312"/>
        <UsageCount Value="5"/>
      </Unit61>
      <Unit62>
        <Filename Value="/usr/share/fpcsrc/3.0.4/rtl/objpas/classes/classesh.inc"/>
        <EditorIndex Value="-1"/>
        <TopLine Value="4"/>
        <CursorPos X="4" Y="27"/>
        <UsageCount Value="10"/>
      </Unit62>
      <Unit63>
        <Filename Value="../lazarus/components/fpvectorial/lasvectorialreader.pas"/>
        <EditorIndex Value="-1"/>
        <TopLine Value="298"/>
        <UsageCount Value="3"/>
      </Unit63>
      <Unit64>
        <Filename Value="test/pippo.dxf"/>
        <EditorIndex Value="-1"/>
        <TopLine Value="394"/>
        <UsageCount Value="3"/>
        <DefaultSyntaxHighlighter Value="None"/>
      </Unit64>
      <Unit65>
        <Filename Value="../lazarus/lcl/interfaces/gtk2/gtk2int.pas"/>
        <UnitName Value="Gtk2Int"/>
        <EditorIndex Value="-1"/>
        <TopLine Value="717"/>
        <CursorPos Y="755"/>
        <UsageCount Value="4"/>
      </Unit65>
      <Unit66>
        <Filename Value="/usr/share/fpcsrc/3.0.4/packages/fcl-image/src/fpimage.pp"/>
        <UnitName Value="FPimage"/>
        <EditorIndex Value="-1"/>
        <TopLine Value="17"/>
        <CursorPos X="31" Y="41"/>
        <UsageCount Value="10"/>
      </Unit66>
      <Unit67>
        <Filename Value="/usr/share/fpcsrc/3.0.4/packages/fcl-image/src/fpcanvas.pp"/>
        <UnitName Value="FPCanvas"/>
        <EditorIndex Value="-1"/>
        <TopLine Value="351"/>
        <CursorPos X="14" Y="372"/>
        <UsageCount Value="10"/>
      </Unit67>
      <Unit68>
        <Filename Value="src/dxfvectorialreader.pas"/>
        <EditorIndex Value="-1"/>
        <CursorPos X="19" Y="24"/>
        <UsageCount Value="4"/>
      </Unit68>
      <Unit69>
        <Filename Value="src/vpdxfreader.pas"/>
        <IsPartOfProject Value="True"/>
        <EditorIndex Value="-1"/>
        <TopLine Value="128"/>
        <CursorPos X="54" Y="140"/>
        <UsageCount Value="230"/>
      </Unit69>
      <Unit70>
        <Filename Value="../lazarus/components/lazutils/lconvencoding.pas"/>
        <UnitName Value="LConvEncoding"/>
        <EditorIndex Value="-1"/>
        <TopLine Value="64"/>
        <CursorPos X="10" Y="87"/>
        <UsageCount Value="4"/>
      </Unit70>
      <Unit71>
        <Filename Value="../lazarus/lcl/include/control.inc"/>
        <EditorIndex Value="-1"/>
        <TopLine Value="5063"/>
        <CursorPos X="3" Y="5068"/>
        <UsageCount Value="2"/>
      </Unit71>
      <Unit72>
        <Filename Value="src/sketchyimage.pas"/>
        <EditorIndex Value="3"/>
        <TopLine Value="430"/>
        <CursorPos X="61" Y="446"/>
        <UsageCount Value="61"/>
        <Loaded Value="True"/>
      </Unit72>
      <Unit73>
        <Filename Value="../../.lazarus/onlinepackagemanager/packages/bgrabitmap-master/bgrabitmap/bgrasvg.pas"/>
        <UnitName Value="BGRASVG"/>
        <EditorIndex Value="-1"/>
        <TopLine Value="758"/>
        <CursorPos X="3" Y="761"/>
        <UsageCount Value="45"/>
      </Unit73>
      <Unit74>
        <Filename Value="../../.lazarus/onlinepackagemanager/packages/bgrabitmap-master/bgrabitmap/bgrasvgshapes.pas"/>
        <UnitName Value="BGRASVGShapes"/>
        <EditorIndex Value="-1"/>
        <TopLine Value="76"/>
        <CursorPos X="26" Y="108"/>
        <UsageCount Value="16"/>
      </Unit74>
      <Unit75>
        <Filename Value="../../.lazarus/onlinepackagemanager/packages/bgrabitmap-master/bgrabitmap/bgrasvgtype.pas"/>
        <UnitName Value="BGRASVGType"/>
        <EditorIndex Value="-1"/>
        <TopLine Value="970"/>
        <CursorPos X="34" Y="1189"/>
        <UsageCount Value="13"/>
      </Unit75>
      <Unit76>
        <Filename Value="../../.lazarus/onlinepackagemanager/packages/bgrabitmap-master/bgrabitmap/bgraunits.pas"/>
        <UnitName Value="BGRAUnits"/>
        <EditorIndex Value="-1"/>
        <CursorPos X="29" Y="14"/>
        <UsageCount Value="6"/>
      </Unit76>
      <Unit77>
        <Filename Value="../../.lazarus/onlinepackagemanager/packages/bgrabitmap-master/bgrabitmap/geometrytypes.inc"/>
        <EditorIndex Value="-1"/>
        <CursorPos X="3" Y="22"/>
        <UsageCount Value="3"/>
      </Unit77>
      <Unit78>
        <Filename Value="../../.lazarus/onlinepackagemanager/packages/bgrabitmap-master/bgrabitmap/bgratransform.pas"/>
        <UnitName Value="BGRATransform"/>
        <EditorIndex Value="-1"/>
        <TopLine Value="32"/>
        <CursorPos X="60" Y="32"/>
        <UsageCount Value="9"/>
      </Unit78>
      <Unit79>
        <Filename Value="../../.lazarus/onlinepackagemanager/packages/bgrabitmap-master/bgrabitmap/bgrabitmap.pas"/>
        <UnitName Value="BGRABitmap"/>
        <EditorIndex Value="-1"/>
        <TopLine Value="16"/>
        <CursorPos X="15" Y="41"/>
        <UsageCount Value="10"/>
      </Unit79>
      <Unit80>
        <Filename Value="../../.lazarus/onlinepackagemanager/packages/bgrabitmap-master/bgrabitmap/bgrapath.pas"/>
        <UnitName Value="BGRAPath"/>
        <EditorIndex Value="-1"/>
        <TopLine Value="180"/>
        <CursorPos X="22" Y="223"/>
        <UsageCount Value="2"/>
      </Unit80>
      <Unit81>
        <Filename Value="../../.lazarus/onlinepackagemanager/packages/bgracontrols-master/bcsvgviewer.pas"/>
        <UnitName Value="BCSVGViewer"/>
        <EditorIndex Value="-1"/>
        <TopLine Value="27"/>
        <CursorPos X="14" Y="49"/>
        <UsageCount Value="14"/>
        <DefaultSyntaxHighlighter Value="Delphi"/>
      </Unit81>
      <Unit82>
        <Filename Value="../../.lazarus/onlinepackagemanager/packages/bgracontrols-master/bgragraphiccontrol.pas"/>
        <UnitName Value="BGRAGraphicControl"/>
        <EditorIndex Value="-1"/>
        <TopLine Value="257"/>
        <CursorPos X="3" Y="283"/>
        <UsageCount Value="3"/>
        <DefaultSyntaxHighlighter Value="Delphi"/>
      </Unit82>
      <Unit83>
        <Filename Value="../../.lazarus/onlinepackagemanager/packages/bgrabitmap-master/bgrabitmap/bgracanvas2d.pas"/>
        <UnitName Value="BGRACanvas2D"/>
        <EditorIndex Value="-1"/>
        <TopLine Value="1660"/>
        <CursorPos X="3" Y="1662"/>
        <UsageCount Value="13"/>
      </Unit83>
      <Unit84>
        <Filename Value="../../.lazarus/onlinepackagemanager/packages/bgrabitmap-master/bgrabitmap/bgradefaultbitmap.pas"/>
        <UnitName Value="BGRADefaultBitmap"/>
        <EditorIndex Value="-1"/>
        <TopLine Value="850"/>
        <CursorPos X="15" Y="863"/>
        <UsageCount Value="3"/>
      </Unit84>
      <Unit85>
        <Filename Value="../../.lazarus/onlinepackagemanager/packages/bgrabitmap-master/bgrabitmap/bgragtkbitmap.pas"/>
        <UnitName Value="BGRAGtkBitmap"/>
        <EditorIndex Value="-1"/>
        <TopLine Value="10"/>
        <CursorPos Y="25"/>
        <UsageCount Value="10"/>
      </Unit85>
      <Unit86>
        <Filename Value="../../.lazarus/onlinepackagemanager/packages/bgrabitmap-master/bgrabitmap/bgrabitmaptypes.pas"/>
        <UnitName Value="BGRABitmapTypes"/>
        <EditorIndex Value="-1"/>
        <TopLine Value="261"/>
        <CursorPos X="5" Y="283"/>
        <UsageCount Value="9"/>
      </Unit86>
      <Unit87>
        <Filename Value="../../.lazarus/onlinepackagemanager/packages/bgrabitmap-master/bgrabitmap/bgragraphics.pas"/>
        <UnitName Value="BGRAGraphics"/>
        <EditorIndex Value="-1"/>
        <CursorPos X="3" Y="19"/>
        <UsageCount Value="5"/>
      </Unit87>
      <Unit88>
        <Filename Value="../../.lazarus/onlinepackagemanager/packages/bgrabitmap-master/bgrabitmap/bgravectorize.pas"/>
        <UnitName Value="BGRAVectorize"/>
        <EditorIndex Value="-1"/>
        <TopLine Value="25"/>
        <CursorPos X="3" Y="36"/>
        <UsageCount Value="15"/>
      </Unit88>
      <Unit89>
        <Filename Value="/usr/share/fpcsrc/3.0.4/rtl/objpas/types.pp"/>
        <UnitName Value="Types"/>
        <EditorIndex Value="-1"/>
        <TopLine Value="69"/>
        <CursorPos X="3" Y="92"/>
        <UsageCount Value="2"/>
      </Unit89>
      <Unit90>
        <Filename Value="../../.lazarus/onlinepackagemanager/packages/bgrabitmap-master/bgrabitmap/bgralclbitmap.pas"/>
        <UnitName Value="BGRALCLBitmap"/>
        <EditorIndex Value="-1"/>
        <UsageCount Value="2"/>
      </Unit90>
      <Unit91>
        <Filename Value="../../.lazarus/onlinepackagemanager/packages/bgrabitmap-master/bgrabitmap/bgracustombitmap.inc"/>
        <EditorIndex Value="-1"/>
        <TopLine Value="245"/>
        <CursorPos X="15" Y="267"/>
        <UsageCount Value="5"/>
      </Unit91>
      <Unit92>
        <Filename Value="../../.lazarus/onlinepackagemanager/packages/bgrabitmap-master/bgrabitmap/basiccolorspace.inc"/>
        <EditorIndex Value="-1"/>
        <UsageCount Value="2"/>
      </Unit92>
      <Unit93>
        <Filename Value="../../.lazarus/onlinepackagemanager/packages/bgrabitmap-master/bgrabitmap/bezier.inc"/>
        <EditorIndex Value="-1"/>
        <UsageCount Value="2"/>
      </Unit93>
      <Unit94>
        <Filename Value="../../.lazarus/onlinepackagemanager/packages/bgrabitmap-master/bgrabitmap/bglcontrols.lpk"/>
        <EditorIndex Value="-1"/>
        <UsageCount Value="2"/>
        <DefaultSyntaxHighlighter Value="XML"/>
      </Unit94>
      <Unit95>
        <Filename Value="../../.lazarus/onlinepackagemanager/packages/bgrabitmap-master/bgrabitmap/bglcontrols.pas"/>
        <UnitName Value="BGLControls"/>
        <EditorIndex Value="-1"/>
        <UsageCount Value="2"/>
      </Unit95>
      <Unit96>
        <Filename Value="../../.lazarus/onlinepackagemanager/packages/bgrabitmap-master/bgrabitmap/bglvirtualscreen.pas"/>
        <UnitName Value="BGLVirtualScreen"/>
        <EditorIndex Value="-1"/>
        <UsageCount Value="2"/>
      </Unit96>
      <Unit97>
        <Filename Value="../../.lazarus/onlinepackagemanager/packages/bgrabitmap-master/bgrabitmap/bglvirtualscreen_icon.lrs"/>
        <EditorIndex Value="-1"/>
        <UsageCount Value="2"/>
      </Unit97>
      <Unit98>
        <Filename Value="../../.lazarus/onlinepackagemanager/packages/bgrabitmap-master/bgrabitmap/bgraanimatedgif.pas"/>
        <UnitName Value="BGRAAnimatedGif"/>
        <EditorIndex Value="-1"/>
        <UsageCount Value="2"/>
      </Unit98>
      <Unit99>
        <Filename Value="../../.lazarus/onlinepackagemanager/packages/bgrabitmap-master/bgrabitmap/bgraarrow.pas"/>
        <UnitName Value="BGRAArrow"/>
        <EditorIndex Value="-1"/>
        <UsageCount Value="2"/>
      </Unit99>
      <Unit100>
        <Filename Value="../../.lazarus/onlinepackagemanager/packages/bgrabitmap-master/bgrabitmap/bgrabitmap.inc"/>
        <EditorIndex Value="-1"/>
        <UsageCount Value="2"/>
      </Unit100>
      <Unit101>
        <Filename Value="../../.lazarus/onlinepackagemanager/packages/bgrabitmap-master/bgrabitmap/bgrabitmappack.lpk"/>
        <EditorIndex Value="-1"/>
        <UsageCount Value="2"/>
        <DefaultSyntaxHighlighter Value="XML"/>
      </Unit101>
      <Unit102>
        <Filename Value="../../.lazarus/onlinepackagemanager/packages/bgrabitmap-master/bgrabitmap/bgrabitmappack.pas"/>
        <UnitName Value="BGRABitmapPack"/>
        <EditorIndex Value="-1"/>
        <UsageCount Value="2"/>
      </Unit102>
      <Unit103>
        <Filename Value="../../.lazarus/onlinepackagemanager/packages/bgrabitmap-master/bgrabitmap/bgrabitmappack4fpgui.lpk"/>
        <EditorIndex Value="-1"/>
        <UsageCount Value="2"/>
        <DefaultSyntaxHighlighter Value="XML"/>
      </Unit103>
      <Unit104>
        <Filename Value="../../.lazarus/onlinepackagemanager/packages/bgrabitmap-master/bgrabitmap/bgrabitmappack4fpgui.pas"/>
        <UnitName Value="BGRABitmapPack4fpGUI"/>
        <EditorIndex Value="-1"/>
        <UsageCount Value="2"/>
      </Unit104>
      <Unit105>
        <Filename Value="../../.lazarus/onlinepackagemanager/packages/bgrabitmap-master/bgrabitmap/bgrabitmappack4nogui.lpk"/>
        <EditorIndex Value="-1"/>
        <UsageCount Value="2"/>
        <DefaultSyntaxHighlighter Value="XML"/>
      </Unit105>
      <Unit106>
        <Filename Value="../../.lazarus/onlinepackagemanager/packages/bgrabitmap-master/bgrabitmap/bgrabitmappack4nogui.pas"/>
        <UnitName Value="BGRABitmapPack4NoGUI"/>
        <EditorIndex Value="-1"/>
        <UsageCount Value="2"/>
      </Unit106>
      <Unit107>
        <Filename Value="../../.lazarus/onlinepackagemanager/packages/bgrabitmap-master/bgrabitmap/bgrablend.pas"/>
        <UnitName Value="BGRABlend"/>
        <EditorIndex Value="-1"/>
        <UsageCount Value="2"/>
      </Unit107>
      <Unit108>
        <Filename Value="../../.lazarus/onlinepackagemanager/packages/bgrabitmap-master/bgrabitmap/bgrablurgl.pas"/>
        <UnitName Value="BGRABlurGL"/>
        <EditorIndex Value="-1"/>
        <UsageCount Value="2"/>
      </Unit108>
      <Unit109>
        <Filename Value="../../.lazarus/onlinepackagemanager/packages/bgrabitmap-master/bgrabitmap/bgracanvas.pas"/>
        <UnitName Value="BGRACanvas"/>
        <EditorIndex Value="-1"/>
        <UsageCount Value="2"/>
      </Unit109>
      <Unit110>
        <Filename Value="../../.lazarus/onlinepackagemanager/packages/bgrabitmap-master/bgrabitmap/bgracanvasgl.pas"/>
        <UnitName Value="BGRACanvasGL"/>
        <EditorIndex Value="-1"/>
        <UsageCount Value="2"/>
      </Unit110>
      <Unit111>
        <Filename Value="../../.lazarus/onlinepackagemanager/packages/bgrabitmap-master/bgrabitmap/bgracolorint.pas"/>
        <UnitName Value="BGRAColorInt"/>
        <EditorIndex Value="-1"/>
        <UsageCount Value="2"/>
      </Unit111>
      <Unit112>
        <Filename Value="../../.lazarus/onlinepackagemanager/packages/bgrabitmap-master/bgrabitmap/bgracolorquantization.pas"/>
        <UnitName Value="BGRAColorQuantization"/>
        <EditorIndex Value="-1"/>
        <UsageCount Value="2"/>
      </Unit112>
      <Unit113>
        <Filename Value="../../.lazarus/onlinepackagemanager/packages/bgrabitmap-master/bgrabitmap/bgracolorspace.pas"/>
        <UnitName Value="BGRAColorspace"/>
        <EditorIndex Value="-1"/>
        <UsageCount Value="2"/>
      </Unit113>
      <Unit114>
        <Filename Value="../../.lazarus/onlinepackagemanager/packages/bgrabitmap-master/bgrabitmap/bgracompressablebitmap.pas"/>
        <UnitName Value="BGRACompressableBitmap"/>
        <EditorIndex Value="-1"/>
        <UsageCount Value="2"/>
      </Unit114>
      <Unit115>
        <Filename Value="../../.lazarus/onlinepackagemanager/packages/bgrabitmap-master/bgrabitmap/bgracoordpool3d.pas"/>
        <UnitName Value="BGRACoordPool3D"/>
        <EditorIndex Value="-1"/>
        <UsageCount Value="2"/>
      </Unit115>
      <Unit116>
        <Filename Value="../../.lazarus/onlinepackagemanager/packages/bgrabitmap-master/bgrabitmap/bgracustomtextfx.pas"/>
        <UnitName Value="BGRACustomTextFX"/>
        <EditorIndex Value="-1"/>
        <UsageCount Value="2"/>
      </Unit116>
      <Unit117>
        <Filename Value="../../.lazarus/onlinepackagemanager/packages/bgrabitmap-master/bgrabitmap/bgradithering.pas"/>
        <UnitName Value="BGRADithering"/>
        <EditorIndex Value="-1"/>
        <UsageCount Value="2"/>
      </Unit117>
      <Unit118>
        <Filename Value="../../.lazarus/onlinepackagemanager/packages/bgrabitmap-master/bgrabitmap/bgradnetdeserial.pas"/>
        <UnitName Value="BGRADNetDeserial"/>
        <EditorIndex Value="-1"/>
        <UsageCount Value="2"/>
      </Unit118>
      <Unit119>
        <Filename Value="../../.lazarus/onlinepackagemanager/packages/bgrabitmap-master/bgrabitmap/bgrafillinfo.pas"/>
        <UnitName Value="BGRAFillInfo"/>
        <EditorIndex Value="-1"/>
        <UsageCount Value="2"/>
      </Unit119>
      <Unit120>
        <Filename Value="../../.lazarus/onlinepackagemanager/packages/bgrabitmap-master/bgrabitmap/bgrafilterblur.pas"/>
        <UnitName Value="BGRAFilterBlur"/>
        <EditorIndex Value="-1"/>
        <UsageCount Value="2"/>
      </Unit120>
      <Unit121>
        <Filename Value="../../.lazarus/onlinepackagemanager/packages/bgrabitmap-master/bgrabitmap/bgrafilters.pas"/>
        <UnitName Value="BGRAFilters"/>
        <EditorIndex Value="-1"/>
        <UsageCount Value="2"/>
      </Unit121>
      <Unit122>
        <Filename Value="../../.lazarus/onlinepackagemanager/packages/bgrabitmap-master/bgrabitmap/bgrafilterscanner.pas"/>
        <UnitName Value="BGRAFilterScanner"/>
        <EditorIndex Value="-1"/>
        <UsageCount Value="2"/>
      </Unit122>
      <Unit123>
        <Filename Value="../../.lazarus/onlinepackagemanager/packages/bgrabitmap-master/bgrabitmap/bgrafiltertype.pas"/>
        <UnitName Value="BGRAFilterType"/>
        <EditorIndex Value="-1"/>
        <UsageCount Value="2"/>
      </Unit123>
      <Unit124>
        <Filename Value="../../.lazarus/onlinepackagemanager/packages/bgrabitmap-master/bgrabitmap/bgrafontgl.pas"/>
        <UnitName Value="BGRAFontGL"/>
        <EditorIndex Value="-1"/>
        <UsageCount Value="2"/>
      </Unit124>
      <Unit125>
        <Filename Value="../../.lazarus/onlinepackagemanager/packages/bgrabitmap-master/bgrabitmap/bgrafpgui.inc"/>
        <EditorIndex Value="-1"/>
        <UsageCount Value="2"/>
      </Unit125>
      <Unit126>
        <Filename Value="../../.lazarus/onlinepackagemanager/packages/bgrabitmap-master/bgrabitmap/bgrafpguibitmap.pas"/>
        <UnitName Value="BGRAfpGUIBitmap"/>
        <EditorIndex Value="-1"/>
        <UsageCount Value="2"/>
      </Unit126>
      <Unit127>
        <Filename Value="../../.lazarus/onlinepackagemanager/packages/bgrabitmap-master/bgrabitmap/bgrafreetype.pas"/>
        <UnitName Value="BGRAFreeType"/>
        <EditorIndex Value="-1"/>
        <UsageCount Value="2"/>
      </Unit127>
      <Unit128>
        <Filename Value="../../.lazarus/onlinepackagemanager/packages/bgrabitmap-master/bgrabitmap/bgragifformat.pas"/>
        <UnitName Value="BGRAGifFormat"/>
        <EditorIndex Value="-1"/>
        <UsageCount Value="2"/>
      </Unit128>
      <Unit129>
        <Filename Value="../../.lazarus/onlinepackagemanager/packages/bgrabitmap-master/bgrabitmap/bgragradientoriginal.pas"/>
        <UnitName Value="BGRAGradientOriginal"/>
        <EditorIndex Value="-1"/>
        <UsageCount Value="2"/>
      </Unit129>
      <Unit130>
        <Filename Value="../../.lazarus/onlinepackagemanager/packages/bgrabitmap-master/bgrabitmap/bgragradients.pas"/>
        <UnitName Value="BGRAGradients"/>
        <EditorIndex Value="-1"/>
        <UsageCount Value="2"/>
      </Unit130>
      <Unit131>
        <Filename Value="../../.lazarus/onlinepackagemanager/packages/bgrabitmap-master/bgrabitmap/bgragradientscanner.pas"/>
        <UnitName Value="BGRAGradientScanner"/>
        <EditorIndex Value="-1"/>
        <UsageCount Value="2"/>
      </Unit131>
      <Unit132>
        <Filename Value="../../.lazarus/onlinepackagemanager/packages/bgrabitmap-master/bgrabitmap/bgragrayscalemask.pas"/>
        <UnitName Value="BGRAGrayscaleMask"/>
        <EditorIndex Value="-1"/>
        <UsageCount Value="2"/>
      </Unit132>
      <Unit133>
        <Filename Value="../../.lazarus/onlinepackagemanager/packages/bgrabitmap-master/bgrabitmap/bgraiconcursor.pas"/>
        <UnitName Value="BGRAIconCursor"/>
        <EditorIndex Value="-1"/>
        <UsageCount Value="2"/>
      </Unit133>
      <Unit134>
        <Filename Value="../../.lazarus/onlinepackagemanager/packages/bgrabitmap-master/bgrabitmap/bgralayeroriginal.pas"/>
        <UnitName Value="BGRALayerOriginal"/>
        <EditorIndex Value="-1"/>
        <UsageCount Value="2"/>
      </Unit134>
      <Unit135>
        <Filename Value="../../.lazarus/onlinepackagemanager/packages/bgrabitmap-master/bgrabitmap/bgralayers.pas"/>
        <UnitName Value="BGRALayers"/>
        <EditorIndex Value="-1"/>
        <UsageCount Value="2"/>
      </Unit135>
      <Unit136>
        <Filename Value="../../.lazarus/onlinepackagemanager/packages/bgrabitmap-master/bgrabitmap/bgralazpaint.pas"/>
        <UnitName Value="BGRALazPaint"/>
        <EditorIndex Value="-1"/>
        <UsageCount Value="2"/>
      </Unit136>
      <Unit137>
        <Filename Value="../../.lazarus/onlinepackagemanager/packages/bgrabitmap-master/bgrabitmap/bgralazresource.pas"/>
        <UnitName Value="BGRALazResource"/>
        <EditorIndex Value="-1"/>
        <UsageCount Value="2"/>
      </Unit137>
      <Unit138>
        <Filename Value="../../.lazarus/onlinepackagemanager/packages/bgrabitmap-master/bgrabitmap/bgralzpcommon.pas"/>
        <UnitName Value="BGRALzpCommon"/>
        <EditorIndex Value="-1"/>
        <UsageCount Value="2"/>
      </Unit138>
      <Unit139>
        <Filename Value="../../.lazarus/onlinepackagemanager/packages/bgrabitmap-master/bgrabitmap/bgramacbitmap.pas"/>
        <UnitName Value="BGRAMacBitmap"/>
        <EditorIndex Value="-1"/>
        <UsageCount Value="2"/>
      </Unit139>
      <Unit140>
        <Filename Value="../../.lazarus/onlinepackagemanager/packages/bgrabitmap-master/bgrabitmap/bgramatrix3d.pas"/>
        <UnitName Value="BGRAMatrix3D"/>
        <EditorIndex Value="-1"/>
        <UsageCount Value="2"/>
      </Unit140>
      <Unit141>
        <Filename Value="../../.lazarus/onlinepackagemanager/packages/bgrabitmap-master/bgrabitmap/bgramemdirectory.pas"/>
        <UnitName Value="BGRAMemDirectory"/>
        <EditorIndex Value="-1"/>
        <UsageCount Value="2"/>
      </Unit141>
      <Unit142>
        <Filename Value="../../.lazarus/onlinepackagemanager/packages/bgrabitmap-master/bgrabitmap/bgramultifiletype.pas"/>
        <UnitName Value="BGRAMultiFileType"/>
        <EditorIndex Value="-1"/>
        <UsageCount Value="2"/>
      </Unit142>
      <Unit143>
        <Filename Value="../../.lazarus/onlinepackagemanager/packages/bgrabitmap-master/bgrabitmap/bgranogui.inc"/>
        <EditorIndex Value="-1"/>
        <UsageCount Value="2"/>
      </Unit143>
      <Unit144>
        <Filename Value="../../.lazarus/onlinepackagemanager/packages/bgrabitmap-master/bgrabitmap/bgranoguibitmap.pas"/>
        <UnitName Value="BGRANoGUIBitmap"/>
        <EditorIndex Value="-1"/>
        <UsageCount Value="2"/>
      </Unit144>
      <Unit145>
        <Filename Value="../../.lazarus/onlinepackagemanager/packages/bgrabitmap-master/bgrabitmap/bgraopengl.pas"/>
        <UnitName Value="BGRAOpenGL"/>
        <EditorIndex Value="-1"/>
        <UsageCount Value="2"/>
      </Unit145>
      <Unit146>
        <Filename Value="../../.lazarus/onlinepackagemanager/packages/bgrabitmap-master/bgrabitmap/bgraopengl3d.pas"/>
        <UnitName Value="BGRAOpenGL3D"/>
        <EditorIndex Value="-1"/>
        <UsageCount Value="2"/>
      </Unit146>
      <Unit147>
        <Filename Value="../../.lazarus/onlinepackagemanager/packages/bgrabitmap-master/bgrabitmap/bgraopengltype.pas"/>
        <UnitName Value="BGRAOpenGLType"/>
        <EditorIndex Value="-1"/>
        <UsageCount Value="2"/>
      </Unit147>
      <Unit148>
        <Filename Value="../../.lazarus/onlinepackagemanager/packages/bgrabitmap-master/bgrabitmap/bgraopenraster.pas"/>
        <UnitName Value="BGRAOpenRaster"/>
        <EditorIndex Value="-1"/>
        <UsageCount Value="2"/>
      </Unit148>
      <Unit149>
        <Filename Value="../../.lazarus/onlinepackagemanager/packages/bgrabitmap-master/bgrabitmap/bgrapaintnet.pas"/>
        <UnitName Value="BGRAPaintNet"/>
        <EditorIndex Value="-1"/>
        <UsageCount Value="2"/>
      </Unit149>
      <Unit150>
        <Filename Value="../../.lazarus/onlinepackagemanager/packages/bgrabitmap-master/bgrabitmap/bgrapalette.pas"/>
        <UnitName Value="BGRAPalette"/>
        <EditorIndex Value="-1"/>
        <UsageCount Value="2"/>
      </Unit150>
      <Unit151>
        <Filename Value="../../.lazarus/onlinepackagemanager/packages/bgrabitmap-master/bgrabitmap/bgrapen.pas"/>
        <UnitName Value="BGRAPen"/>
        <EditorIndex Value="-1"/>
        <UsageCount Value="2"/>
      </Unit151>
      <Unit152>
        <Filename Value="../../.lazarus/onlinepackagemanager/packages/bgrabitmap-master/bgrabitmap/bgraphongtypes.pas"/>
        <UnitName Value="BGRAPhongTypes"/>
        <EditorIndex Value="-1"/>
        <UsageCount Value="2"/>
      </Unit152>
      <Unit153>
        <Filename Value="../../.lazarus/onlinepackagemanager/packages/bgrabitmap-master/bgrabitmap/bgraphoxo.pas"/>
        <UnitName Value="BGRAPhoxo"/>
        <EditorIndex Value="-1"/>
        <UsageCount Value="2"/>
      </Unit153>
      <Unit154>
        <Filename Value="../../.lazarus/onlinepackagemanager/packages/bgrabitmap-master/bgrabitmap/bgrapixel.inc"/>
        <EditorIndex Value="-1"/>
        <UsageCount Value="2"/>
      </Unit154>
      <Unit155>
        <Filename Value="../../.lazarus/onlinepackagemanager/packages/bgrabitmap-master/bgrabitmap/bgrapolygon.pas"/>
        <UnitName Value="BGRAPolygon"/>
        <EditorIndex Value="-1"/>
        <UsageCount Value="2"/>
      </Unit155>
      <Unit156>
        <Filename Value="../../.lazarus/onlinepackagemanager/packages/bgrabitmap-master/bgrabitmap/bgrapolygonaliased.pas"/>
        <UnitName Value="BGRAPolygonAliased"/>
        <EditorIndex Value="-1"/>
        <UsageCount Value="2"/>
      </Unit156>
      <Unit157>
        <Filename Value="../../.lazarus/onlinepackagemanager/packages/bgrabitmap-master/bgrabitmap/bgraqtbitmap.pas"/>
        <UnitName Value="BGRAQtBitmap"/>
        <EditorIndex Value="-1"/>
        <UsageCount Value="2"/>
      </Unit157>
      <Unit158>
        <Filename Value="../../.lazarus/onlinepackagemanager/packages/bgrabitmap-master/bgrabitmap/bgrareadbmp.pas"/>
        <UnitName Value="BGRAReadBMP"/>
        <EditorIndex Value="-1"/>
        <UsageCount Value="2"/>
      </Unit158>
      <Unit159>
        <Filename Value="../../.lazarus/onlinepackagemanager/packages/bgrabitmap-master/bgrabitmap/bgrareadbmpmiomap.pas"/>
        <UnitName Value="BGRAReadBmpMioMap"/>
        <EditorIndex Value="-1"/>
        <UsageCount Value="2"/>
      </Unit159>
      <Unit160>
        <Filename Value="../../.lazarus/onlinepackagemanager/packages/bgrabitmap-master/bgrabitmap/bgrareadgif.pas"/>
        <UnitName Value="BGRAReadGif"/>
        <EditorIndex Value="-1"/>
        <UsageCount Value="2"/>
      </Unit160>
      <Unit161>
        <Filename Value="../../.lazarus/onlinepackagemanager/packages/bgrabitmap-master/bgrabitmap/bgrareadico.pas"/>
        <UnitName Value="BGRAReadIco"/>
        <EditorIndex Value="-1"/>
        <UsageCount Value="2"/>
      </Unit161>
      <Unit162>
        <Filename Value="../../.lazarus/onlinepackagemanager/packages/bgrabitmap-master/bgrabitmap/bgrareadjpeg.pas"/>
        <UnitName Value="BGRAReadJpeg"/>
        <EditorIndex Value="-1"/>
        <UsageCount Value="2"/>
      </Unit162>
      <Unit163>
        <Filename Value="../../.lazarus/onlinepackagemanager/packages/bgrabitmap-master/bgrabitmap/bgrareadlzp.pas"/>
        <UnitName Value="BGRAReadLzp"/>
        <EditorIndex Value="-1"/>
        <UsageCount Value="2"/>
      </Unit163>
      <Unit164>
        <Filename Value="../../.lazarus/onlinepackagemanager/packages/bgrabitmap-master/bgrabitmap/bgrareadpcx.pas"/>
        <UnitName Value="BGRAReadPCX"/>
        <EditorIndex Value="-1"/>
        <UsageCount Value="2"/>
      </Unit164>
      <Unit165>
        <Filename Value="../../.lazarus/onlinepackagemanager/packages/bgrabitmap-master/bgrabitmap/bgrareadpng.pas"/>
        <UnitName Value="BGRAReadPng"/>
        <EditorIndex Value="-1"/>
        <UsageCount Value="2"/>
      </Unit165>
      <Unit166>
        <Filename Value="../../.lazarus/onlinepackagemanager/packages/bgrabitmap-master/bgrabitmap/bgrareadpsd.pas"/>
        <UnitName Value="BGRAReadPSD"/>
        <EditorIndex Value="-1"/>
        <UsageCount Value="2"/>
      </Unit166>
      <Unit167>
        <Filename Value="../../.lazarus/onlinepackagemanager/packages/bgrabitmap-master/bgrabitmap/bgrareadtga.pas"/>
        <UnitName Value="BGRAReadTGA"/>
        <EditorIndex Value="-1"/>
        <UsageCount Value="2"/>
      </Unit167>
      <Unit168>
        <Filename Value="../../.lazarus/onlinepackagemanager/packages/bgrabitmap-master/bgrabitmap/bgrareadtiff.pas"/>
        <UnitName Value="BGRAReadTiff"/>
        <EditorIndex Value="-1"/>
        <UsageCount Value="2"/>
      </Unit168>
      <Unit169>
        <Filename Value="../../.lazarus/onlinepackagemanager/packages/bgrabitmap-master/bgrabitmap/bgrareadxpm.pas"/>
        <UnitName Value="BGRAReadXPM"/>
        <EditorIndex Value="-1"/>
        <UsageCount Value="2"/>
      </Unit169>
      <Unit170>
        <Filename Value="../../.lazarus/onlinepackagemanager/packages/bgrabitmap-master/bgrabitmap/bgrarenderer3d.pas"/>
        <UnitName Value="BGRARenderer3D"/>
        <EditorIndex Value="-1"/>
        <UsageCount Value="2"/>
      </Unit170>
      <Unit171>
        <Filename Value="../../.lazarus/onlinepackagemanager/packages/bgrabitmap-master/bgrabitmap/bgraresample.pas"/>
        <UnitName Value="BGRAResample"/>
        <EditorIndex Value="-1"/>
        <UsageCount Value="2"/>
      </Unit171>
      <Unit172>
        <Filename Value="../../.lazarus/onlinepackagemanager/packages/bgrabitmap-master/bgrabitmap/bgrascene3d.pas"/>
        <UnitName Value="BGRAScene3D"/>
        <EditorIndex Value="-1"/>
        <UsageCount Value="2"/>
      </Unit172>
      <Unit173>
        <Filename Value="../../.lazarus/onlinepackagemanager/packages/bgrabitmap-master/bgrabitmap/bgrascenetypes.pas"/>
        <UnitName Value="BGRASceneTypes"/>
        <EditorIndex Value="-1"/>
        <UsageCount Value="2"/>
      </Unit173>
      <Unit174>
        <Filename Value="../../.lazarus/onlinepackagemanager/packages/bgrabitmap-master/bgrabitmap/bgraslicescaling.pas"/>
        <UnitName Value="BGRASliceScaling"/>
        <EditorIndex Value="-1"/>
        <UsageCount Value="2"/>
      </Unit174>
      <Unit175>
        <Filename Value="../../.lazarus/onlinepackagemanager/packages/bgrabitmap-master/bgrabitmap/bgraspritegl.pas"/>
        <UnitName Value="BGRASpriteGL"/>
        <EditorIndex Value="-1"/>
        <UsageCount Value="2"/>
      </Unit175>
      <Unit176>
        <Filename Value="../../.lazarus/onlinepackagemanager/packages/bgrabitmap-master/bgrabitmap/bgrasse.inc"/>
        <EditorIndex Value="-1"/>
        <UsageCount Value="2"/>
      </Unit176>
      <Unit177>
        <Filename Value="../../.lazarus/onlinepackagemanager/packages/bgrabitmap-master/bgrabitmap/bgrasse.pas"/>
        <UnitName Value="BGRASSE"/>
        <EditorIndex Value="-1"/>
        <UsageCount Value="2"/>
      </Unit177>
      <Unit178>
        <Filename Value="../../.lazarus/onlinepackagemanager/packages/bgrabitmap-master/bgrabitmap/bgrastreamlayers.pas"/>
        <UnitName Value="BGRAStreamLayers"/>
        <EditorIndex Value="-1"/>
        <UsageCount Value="2"/>
      </Unit178>
      <Unit179>
        <Filename Value="../../.lazarus/onlinepackagemanager/packages/bgrabitmap-master/bgrabitmap/bgrasvgoriginal.pas"/>
        <UnitName Value="BGRASVGOriginal"/>
        <EditorIndex Value="-1"/>
        <UsageCount Value="2"/>
      </Unit179>
      <Unit180>
        <Filename Value="../../.lazarus/onlinepackagemanager/packages/bgrabitmap-master/bgrabitmap/bgratext.pas"/>
        <UnitName Value="BGRAText"/>
        <EditorIndex Value="-1"/>
        <TopLine Value="31"/>
        <UsageCount Value="3"/>
      </Unit180>
      <Unit181>
        <Filename Value="../../.lazarus/onlinepackagemanager/packages/bgrabitmap-master/bgrabitmap/bgratextbidi.pas"/>
        <UnitName Value="BGRATextBidi"/>
        <EditorIndex Value="-1"/>
        <UsageCount Value="2"/>
      </Unit181>
      <Unit182>
        <Filename Value="../../.lazarus/onlinepackagemanager/packages/bgrabitmap-master/bgrabitmap/bgratextfx.pas"/>
        <UnitName Value="BGRATextFX"/>
        <EditorIndex Value="-1"/>
        <TopLine Value="85"/>
        <UsageCount Value="3"/>
      </Unit182>
      <Unit183>
        <Filename Value="../../.lazarus/onlinepackagemanager/packages/bgrabitmap-master/bgrabitmap/bgrathumbnail.pas"/>
        <UnitName Value="BGRAThumbnail"/>
        <EditorIndex Value="-1"/>
        <UsageCount Value="2"/>
      </Unit183>
      <Unit184>
        <Filename Value="../../.lazarus/onlinepackagemanager/packages/bgrabitmap-master/bgrabitmap/bgratypewriter.pas"/>
        <UnitName Value="BGRATypewriter"/>
        <EditorIndex Value="-1"/>
        <UsageCount Value="2"/>
      </Unit184>
      <Unit185>
        <Filename Value="../../.lazarus/onlinepackagemanager/packages/bgrabitmap-master/bgrabitmap/bgraunicode.pas"/>
        <UnitName Value="BGRAUnicode"/>
        <EditorIndex Value="-1"/>
        <UsageCount Value="2"/>
      </Unit185>
      <Unit186>
        <Filename Value="../../.lazarus/onlinepackagemanager/packages/bgrabitmap-master/bgrabitmap/bgrautf8.pas"/>
        <UnitName Value="BGRAUTF8"/>
        <EditorIndex Value="-1"/>
        <UsageCount Value="2"/>
      </Unit186>
      <Unit187>
        <Filename Value="../../.lazarus/onlinepackagemanager/packages/bgrabitmap-master/bgrabitmap/bgrawinbitmap.pas"/>
        <UnitName Value="BGRAWinBitmap"/>
        <EditorIndex Value="-1"/>
        <UsageCount Value="2"/>
      </Unit187>
      <Unit188>
        <Filename Value="../../.lazarus/onlinepackagemanager/packages/bgrabitmap-master/bgrabitmap/bgrawinresource.pas"/>
        <UnitName Value="BGRAWinResource"/>
        <EditorIndex Value="-1"/>
        <UsageCount Value="2"/>
      </Unit188>
      <Unit189>
        <Filename Value="../../.lazarus/onlinepackagemanager/packages/bgrabitmap-master/bgrabitmap/bgrawritebmpmiomap.pas"/>
        <UnitName Value="BGRAWriteBmpMioMap"/>
        <EditorIndex Value="-1"/>
        <UsageCount Value="2"/>
      </Unit189>
      <Unit190>
        <Filename Value="../../.lazarus/onlinepackagemanager/packages/bgrabitmap-master/bgrabitmap/bgrawritelzp.pas"/>
        <UnitName Value="BGRAWriteLzp"/>
        <EditorIndex Value="-1"/>
        <UsageCount Value="2"/>
      </Unit190>
      <Unit191>
        <Filename Value="../../.lazarus/onlinepackagemanager/packages/bgrabitmap-master/bgrabitmap/bgrawritepng.pas"/>
        <UnitName Value="BGRAWritePNG"/>
        <EditorIndex Value="-1"/>
        <UsageCount Value="2"/>
      </Unit191>
      <Unit192>
        <Filename Value="../../.lazarus/onlinepackagemanager/packages/bgrabitmap-master/bgrabitmap/blendpixelinline.inc"/>
        <EditorIndex Value="-1"/>
        <UsageCount Value="2"/>
      </Unit192>
      <Unit193>
        <Filename Value="../../.lazarus/onlinepackagemanager/packages/bgrabitmap-master/bgrabitmap/blendpixels.inc"/>
        <EditorIndex Value="-1"/>
        <UsageCount Value="2"/>
      </Unit193>
      <Unit194>
        <Filename Value="../../.lazarus/onlinepackagemanager/packages/bgrabitmap-master/bgrabitmap/blendpixelsover.inc"/>
        <EditorIndex Value="-1"/>
        <UsageCount Value="2"/>
      </Unit194>
      <Unit195>
        <Filename Value="../../.lazarus/onlinepackagemanager/packages/bgrabitmap-master/bgrabitmap/blurbox.inc"/>
        <EditorIndex Value="-1"/>
        <UsageCount Value="2"/>
      </Unit195>
      <Unit196>
        <Filename Value="../../.lazarus/onlinepackagemanager/packages/bgrabitmap-master/bgrabitmap/blurfast.inc"/>
        <EditorIndex Value="-1"/>
        <UsageCount Value="2"/>
      </Unit196>
      <Unit197>
        <Filename Value="../../.lazarus/onlinepackagemanager/packages/bgrabitmap-master/bgrabitmap/blurnormal.inc"/>
        <EditorIndex Value="-1"/>
        <UsageCount Value="2"/>
      </Unit197>
      <Unit198>
        <Filename Value="../../.lazarus/onlinepackagemanager/packages/bgrabitmap-master/bgrabitmap/csscolorconst.inc"/>
        <EditorIndex Value="-1"/>
        <UsageCount Value="2"/>
      </Unit198>
      <Unit199>
        <Filename Value="../../.lazarus/onlinepackagemanager/packages/bgrabitmap-master/bgrabitmap/density256.inc"/>
        <EditorIndex Value="-1"/>
        <UsageCount Value="2"/>
      </Unit199>
      <Unit200>
        <Filename Value="../../.lazarus/onlinepackagemanager/packages/bgrabitmap-master/bgrabitmap/extendedcolorspace.inc"/>
        <EditorIndex Value="-1"/>
        <UsageCount Value="2"/>
      </Unit200>
      <Unit201>
        <Filename Value="../../.lazarus/onlinepackagemanager/packages/bgrabitmap-master/bgrabitmap/face3d.inc"/>
        <EditorIndex Value="-1"/>
        <UsageCount Value="2"/>
      </Unit201>
      <Unit202>
        <Filename Value="../../.lazarus/onlinepackagemanager/packages/bgrabitmap-master/bgrabitmap/generatedcolorspace.inc"/>
        <EditorIndex Value="-1"/>
        <UsageCount Value="2"/>
      </Unit202>
      <Unit203>
        <Filename Value="../../.lazarus/onlinepackagemanager/packages/bgrabitmap-master/bgrabitmap/lightingclasses3d.inc"/>
        <EditorIndex Value="-1"/>
        <UsageCount Value="2"/>
      </Unit203>
      <Unit204>
        <Filename Value="../../.lazarus/onlinepackagemanager/packages/bgrabitmap-master/bgrabitmap/lineartexscan.inc"/>
        <EditorIndex Value="-1"/>
        <UsageCount Value="2"/>
      </Unit204>
      <Unit205>
        <Filename Value="../../.lazarus/onlinepackagemanager/packages/bgrabitmap-master/bgrabitmap/lineartexscan2.inc"/>
        <EditorIndex Value="-1"/>
        <UsageCount Value="2"/>
      </Unit205>
      <Unit206>
        <Filename Value="../../.lazarus/onlinepackagemanager/packages/bgrabitmap-master/bgrabitmap/multishapeline.inc"/>
        <EditorIndex Value="-1"/>
        <UsageCount Value="2"/>
      </Unit206>
      <Unit207>
        <Filename Value="../../.lazarus/onlinepackagemanager/packages/bgrabitmap-master/bgrabitmap/object3d.inc"/>
        <EditorIndex Value="-1"/>
        <UsageCount Value="2"/>
      </Unit207>
      <Unit208>
        <Filename Value="../../.lazarus/onlinepackagemanager/packages/bgrabitmap-master/bgrabitmap/paletteformats.inc"/>
        <EditorIndex Value="-1"/>
        <UsageCount Value="2"/>
      </Unit208>
      <Unit209>
        <Filename Value="../../.lazarus/onlinepackagemanager/packages/bgrabitmap-master/bgrabitmap/part3d.inc"/>
        <EditorIndex Value="-1"/>
        <UsageCount Value="2"/>
      </Unit209>
      <Unit210>
        <Filename Value="../../.lazarus/onlinepackagemanager/packages/bgrabitmap-master/bgrabitmap/perspectivecolorscan.inc"/>
        <EditorIndex Value="-1"/>
        <UsageCount Value="2"/>
      </Unit210>
      <Unit211>
        <Filename Value="../../.lazarus/onlinepackagemanager/packages/bgrabitmap-master/bgrabitmap/perspectivescan.inc"/>
        <EditorIndex Value="-1"/>
        <UsageCount Value="2"/>
      </Unit211>
      <Unit212>
        <Filename Value="../../.lazarus/onlinepackagemanager/packages/bgrabitmap-master/bgrabitmap/perspectivescan2.inc"/>
        <EditorIndex Value="-1"/>
        <UsageCount Value="2"/>
      </Unit212>
      <Unit213>
        <Filename Value="../../.lazarus/onlinepackagemanager/packages/bgrabitmap-master/bgrabitmap/phongdraw.inc"/>
        <EditorIndex Value="-1"/>
        <UsageCount Value="2"/>
      </Unit213>
      <Unit214>
        <Filename Value="../../.lazarus/onlinepackagemanager/packages/bgrabitmap-master/bgrabitmap/phongdrawsse.inc"/>
        <EditorIndex Value="-1"/>
        <UsageCount Value="2"/>
      </Unit214>
      <Unit215>
        <Filename Value="../../.lazarus/onlinepackagemanager/packages/bgrabitmap-master/bgrabitmap/phonglight.inc"/>
        <EditorIndex Value="-1"/>
        <UsageCount Value="2"/>
      </Unit215>
      <Unit216>
        <Filename Value="../../.lazarus/onlinepackagemanager/packages/bgrabitmap-master/bgrabitmap/phonglightsse.inc"/>
        <EditorIndex Value="-1"/>
        <UsageCount Value="2"/>
      </Unit216>
      <Unit217>
        <Filename Value="../../.lazarus/onlinepackagemanager/packages/bgrabitmap-master/bgrabitmap/polyaliaspersp.inc"/>
        <EditorIndex Value="-1"/>
        <UsageCount Value="2"/>
      </Unit217>
      <Unit218>
        <Filename Value="../../.lazarus/onlinepackagemanager/packages/bgrabitmap-master/bgrabitmap/shapes3d.inc"/>
        <EditorIndex Value="-1"/>
        <UsageCount Value="2"/>
      </Unit218>
      <Unit219>
        <Filename Value="../../.lazarus/onlinepackagemanager/packages/bgrabitmap-master/bgrabitmap/unzipperext.pas"/>
        <UnitName Value="UnzipperExt"/>
        <EditorIndex Value="-1"/>
        <UsageCount Value="2"/>
      </Unit219>
      <Unit220>
        <Filename Value="../../.lazarus/onlinepackagemanager/packages/bgrabitmap-master/bgrabitmap/uunittest.pas"/>
        <UnitName Value="UUnitTest"/>
        <EditorIndex Value="-1"/>
        <UsageCount Value="2"/>
      </Unit220>
      <Unit221>
        <Filename Value="../../.lazarus/onlinepackagemanager/packages/bgrabitmap-master/bgrabitmap/vertex3d.inc"/>
        <EditorIndex Value="-1"/>
        <UsageCount Value="2"/>
      </Unit221>
      <Unit222>
        <Filename Value="/usr/share/fpcsrc/3.0.4/rtl/inc/typshrdh.inc"/>
        <EditorIndex Value="-1"/>
        <TopLine Value="39"/>
        <CursorPos X="3" Y="62"/>
        <UsageCount Value="10"/>
      </Unit222>
      <Unit223>
        <Filename Value="/usr/share/fpcsrc/3.0.4/rtl/inc/mathh.inc"/>
        <EditorIndex Value="-1"/>
        <TopLine Value="79"/>
        <CursorPos X="14" Y="100"/>
        <UsageCount Value="5"/>
      </Unit223>
      <Unit224>
        <Filename Value="/usr/share/fpcsrc/3.0.4/rtl/inc/systemh.inc"/>
        <EditorIndex Value="-1"/>
        <TopLine Value="791"/>
        <CursorPos X="11" Y="810"/>
        <UsageCount Value="10"/>
      </Unit224>
      <Unit225>
        <Filename Value="../lazarus/components/lazutils/fileutil.pas"/>
        <UnitName Value="FileUtil"/>
        <EditorIndex Value="-1"/>
        <UsageCount Value="10"/>
      </Unit225>
    </Units>
    <JumpHistory Count="26" HistoryIndex="25">
      <Position1>
        <Filename Value="src/sketchyimage.pas"/>
        <Caret Line="135" Column="59" TopLine="113"/>
      </Position1>
      <Position2>
        <Filename Value="src/sketchyimage.pas"/>
        <Caret Line="135" Column="60" TopLine="113"/>
      </Position2>
      <Position3>
        <Filename Value="src/sketchyimage.pas"/>
        <Caret Line="135" Column="66" TopLine="113"/>
      </Position3>
      <Position4>
        <Filename Value="src/sketchyimage.pas"/>
        <Caret Line="137" Column="28" TopLine="113"/>
      </Position4>
      <Position5>
        <Filename Value="src/sketchyimage.pas"/>
        <Caret Line="135" Column="53" TopLine="110"/>
      </Position5>
      <Position6>
        <Filename Value="src/sketchyimage.pas"/>
        <Caret Line="170" Column="35" TopLine="97"/>
      </Position6>
      <Position7>
        <Filename Value="src/sketchyimage.pas"/>
        <Caret Line="455" TopLine="429"/>
      </Position7>
      <Position8>
        <Filename Value="src/sketchyimage.pas"/>
        <Caret Line="459" Column="95" TopLine="429"/>
      </Position8>
      <Position9>
        <Filename Value="src/sketchyimage.pas"/>
        <Caret Line="71" Column="45" TopLine="49"/>
      </Position9>
      <Position10>
        <Filename Value="src/sketchyimage.pas"/>
        <Caret Line="281" Column="3" TopLine="279"/>
      </Position10>
      <Position11>
        <Filename Value="src/sketchyimage.pas"/>
        <Caret Line="69" Column="32" TopLine="47"/>
      </Position11>
      <Position12>
        <Filename Value="src/sketchyimage.pas"/>
        <Caret Line="261" Column="3" TopLine="237"/>
      </Position12>
      <Position13>
        <Filename Value="src/sketchyimage.pas"/>
        <Caret Line="64" Column="35" TopLine="41"/>
      </Position13>
      <Position14>
        <Filename Value="src/sketchyimage.pas"/>
        <Caret Line="227" Column="36" TopLine="205"/>
      </Position14>
      <Position15>
        <Filename Value="src/sketchyimage.pas"/>
        <Caret Line="469" Column="7" TopLine="433"/>
      </Position15>
      <Position16>
        <Filename Value="src/sketchyimage.pas"/>
        <Caret Line="468" Column="43" TopLine="435"/>
      </Position16>
      <Position17>
        <Filename Value="src/sketchyimage.pas"/>
        <Caret Line="471" Column="53" TopLine="435"/>
      </Position17>
      <Position18>
        <Filename Value="src/sketchyimage.pas"/>
        <Caret Line="464" Column="14" TopLine="430"/>
      </Position18>
      <Position19>
        <Filename Value="src/sketchyimage.pas"/>
        <Caret Line="69" Column="32" TopLine="47"/>
      </Position19>
      <Position20>
        <Filename Value="src/sketchyimage.pas"/>
        <Caret Line="261" Column="3" TopLine="240"/>
      </Position20>
      <Position21>
        <Filename Value="src/sketchyimage.pas"/>
        <Caret Line="64" Column="35" TopLine="41"/>
      </Position21>
      <Position22>
        <Filename Value="src/sketchyimage.pas"/>
        <Caret Line="67" Column="29" TopLine="44"/>
      </Position22>
      <Position23>
        <Filename Value="src/sketchyimage.pas"/>
        <Caret Line="358" Column="48" TopLine="344"/>
      </Position23>
      <Position24>
        <Filename Value="src/sketchyimage.pas"/>
        <Caret Line="328" Column="47" TopLine="306"/>
      </Position24>
      <Position25>
        <Filename Value="src/mainfrm.pas"/>
        <Caret Line="370" Column="61" TopLine="343"/>
      </Position25>
      <Position26>
        <Filename Value="src/sketchyimage.pas"/>
        <Caret Line="32" Column="22" TopLine="9"/>
      </Position26>
    </JumpHistory>
  </ProjectOptions>
  <CompilerOptions>
    <Version Value="11"/>
    <Target>
      <Filename Value="build/$(TargetCPU)-$(TargetOS)/bin/vplot"/>
    </Target>
    <SearchPaths>
      <IncludeFiles Value="$(ProjOutDir);src"/>
      <OtherUnitFiles Value="src"/>
      <UnitOutputDirectory Value="build/$(TargetCPU)-$(TargetOS)/lib"/>
    </SearchPaths>
    <Parsing>
      <SyntaxOptions>
        <CStyleOperator Value="False"/>
        <AllowLabel Value="False"/>
        <CPPInline Value="False"/>
        <UseAnsiStrings Value="False"/>
      </SyntaxOptions>
    </Parsing>
    <CodeGeneration>
      <SmartLinkUnit Value="True"/>
      <Optimizations>
        <OptimizationLevel Value="3"/>
      </Optimizations>
    </CodeGeneration>
    <Linking>
      <Debugging>
        <GenerateDebugInfo Value="False"/>
        <UseLineInfoUnit Value="False"/>
      </Debugging>
      <LinkSmart Value="True"/>
    </Linking>
  </CompilerOptions>
  <Debugging>
    <Watches Count="2">
      <Item1>
        <Expression Value="caption"/>
      </Item1>
      <Item2>
        <Expression Value="transform"/>
      </Item2>
    </Watches>
    <Exceptions Count="5">
      <Item1>
        <Name Value="EAbort"/>
      </Item1>
      <Item2>
        <Name Value="ECodetoolError"/>
      </Item2>
      <Item3>
        <Name Value="EFOpenError"/>
      </Item3>
      <Item4>
        <Name Value="EListError"/>
      </Item4>
      <Item5>
        <Name Value="EReadError"/>
      </Item5>
    </Exceptions>
  </Debugging>
</CONFIG>
