<?xml version="1.0" encoding="UTF-8"?>
<CONFIG>
  <ProjectOptions>
    <Version Value="11"/>
    <General>
      <Flags>
        <MainUnitHasCreateFormStatements Value="False"/>
        <MainUnitHasTitleStatement Value="False"/>
        <MainUnitHasScaledStatement Value="False"/>
      </Flags>
      <MainUnit Value="0"/>
      <Title Value="vplotsrv"/>
      <UseAppBundle Value="False"/>
      <ResourceType Value="res"/>
    </General>
    <BuildModes Count="1" Active="Default">
      <Item1 Name="Default" Default="True"/>
    </BuildModes>
    <PublishOptions>
      <Version Value="2"/>
      <UseFileFilters Value="True"/>
    </PublishOptions>
    <RunParams>
      <FormatVersion Value="2"/>
      <Modes Count="0"/>
    </RunParams>
    <RequiredPackages Count="1">
      <Item1>
        <PackageName Value="lnetbase"/>
      </Item1>
    </RequiredPackages>
    <Units Count="19">
      <Unit0>
        <Filename Value="vplotsrv.lpr"/>
        <IsPartOfProject Value="True"/>
        <IsVisibleTab Value="True"/>
        <CursorPos X="18" Y="27"/>
        <UsageCount Value="36"/>
        <Loaded Value="True"/>
      </Unit0>
      <Unit1>
        <Filename Value="../../.lazarus/onlinepackagemanager/packages/lnet/examples/console/ltcp/lserver.pp"/>
        <EditorIndex Value="-1"/>
        <TopLine Value="77"/>
        <CursorPos X="42" Y="121"/>
        <UsageCount Value="10"/>
      </Unit1>
      <Unit2>
        <Filename Value="../../.lazarus/onlinepackagemanager/packages/lnet/lib/lnet.pp"/>
        <UnitName Value="lNet"/>
        <EditorIndex Value="-1"/>
        <TopLine Value="338"/>
        <CursorPos X="15" Y="386"/>
        <UsageCount Value="10"/>
      </Unit2>
      <Unit3>
        <Filename Value="src/vppaths.pas"/>
        <EditorIndex Value="-1"/>
        <TopLine Value="108"/>
        <CursorPos X="20" Y="184"/>
        <FoldState Value=" T3jU0I28"/>
        <UsageCount Value="12"/>
      </Unit3>
      <Unit4>
        <Filename Value="src/vpsrvdriver.pas"/>
        <EditorIndex Value="1"/>
        <TopLine Value="201"/>
        <CursorPos X="46" Y="224"/>
        <UsageCount Value="15"/>
        <Loaded Value="True"/>
      </Unit4>
      <Unit5>
        <Filename Value="src/vpmath.pas"/>
        <EditorIndex Value="-1"/>
        <TopLine Value="43"/>
        <UsageCount Value="11"/>
      </Unit5>
      <Unit6>
        <Filename Value="/usr/share/fpcsrc/3.0.4/packages/hash/src/md5.pp"/>
        <EditorIndex Value="-1"/>
        <TopLine Value="175"/>
        <UsageCount Value="10"/>
      </Unit6>
      <Unit7>
        <Filename Value="/usr/share/fpcsrc/3.0.4/packages/hash/src/crc.pas"/>
        <EditorIndex Value="-1"/>
        <TopLine Value="4"/>
        <CursorPos X="67" Y="30"/>
        <UsageCount Value="10"/>
      </Unit7>
      <Unit8>
        <Filename Value="/usr/share/fpcsrc/3.0.4/packages/hash/src/sha1.pp"/>
        <EditorIndex Value="-1"/>
        <TopLine Value="31"/>
        <CursorPos X="19" Y="49"/>
        <UsageCount Value="11"/>
      </Unit8>
      <Unit9>
        <Filename Value="src/vpgcode.pas"/>
        <EditorIndex Value="-1"/>
        <TopLine Value="58"/>
        <CursorPos Y="73"/>
        <UsageCount Value="11"/>
      </Unit9>
      <Unit10>
        <Filename Value="/usr/share/fpcsrc/3.0.4/rtl/objpas/sysutils/sysstrh.inc"/>
        <EditorIndex Value="-1"/>
        <TopLine Value="91"/>
        <CursorPos X="52" Y="98"/>
        <UsageCount Value="10"/>
      </Unit10>
      <Unit11>
        <Filename Value="src/vpsrvsetting.pas"/>
        <EditorIndex Value="2"/>
        <TopLine Value="118"/>
        <CursorPos X="78" Y="156"/>
        <UsageCount Value="13"/>
        <Loaded Value="True"/>
      </Unit11>
      <Unit12>
        <Filename Value="/usr/share/fpcsrc/3.0.4/packages/fcl-base/src/inifiles.pp"/>
        <UnitName Value="IniFiles"/>
        <EditorIndex Value="-1"/>
        <TopLine Value="133"/>
        <CursorPos X="14" Y="166"/>
        <UsageCount Value="10"/>
      </Unit12>
      <Unit13>
        <Filename Value="src/vpdriverthread.pas"/>
        <EditorIndex Value="-1"/>
        <UsageCount Value="10"/>
      </Unit13>
      <Unit14>
        <Filename Value="../fpc/source/rtl/objpas/classes/classesh.inc"/>
        <EditorIndex Value="-1"/>
        <TopLine Value="1689"/>
        <CursorPos X="14" Y="1706"/>
        <UsageCount Value="11"/>
      </Unit14>
      <Unit15>
        <Filename Value="../fpc/source/rtl/unix/tthread.inc"/>
        <EditorIndex Value="-1"/>
        <TopLine Value="267"/>
        <CursorPos X="3" Y="285"/>
        <UsageCount Value="10"/>
      </Unit15>
      <Unit16>
        <Filename Value="../fpc/source/packages/rtl-console/src/unix/crt.pp"/>
        <UnitName Value="Crt"/>
        <EditorIndex Value="-1"/>
        <TopLine Value="310"/>
        <UsageCount Value="10"/>
      </Unit16>
      <Unit17>
        <Filename Value="../fpc/source/rtl/objpas/sysutils/sysstrh.inc"/>
        <EditorIndex Value="-1"/>
        <TopLine Value="103"/>
        <CursorPos X="21" Y="118"/>
        <UsageCount Value="10"/>
      </Unit17>
      <Unit18>
        <Filename Value="../fpc/source/rtl/objpas/sysutils/sysstr.inc"/>
        <EditorIndex Value="-1"/>
        <TopLine Value="813"/>
        <CursorPos X="5" Y="816"/>
        <UsageCount Value="10"/>
      </Unit18>
    </Units>
    <JumpHistory Count="30" HistoryIndex="29">
      <Position1>
        <Filename Value="vplotsrv.lpr"/>
        <Caret Line="52" Column="3" TopLine="33"/>
      </Position1>
      <Position2>
        <Filename Value="vplotsrv.lpr"/>
        <Caret Line="263" TopLine="63"/>
      </Position2>
      <Position3>
        <Filename Value="vplotsrv.lpr"/>
        <Caret Line="250" Column="18" TopLine="231"/>
      </Position3>
      <Position4>
        <Filename Value="vplotsrv.lpr"/>
        <Caret Line="316" TopLine="289"/>
      </Position4>
      <Position5>
        <Filename Value="vplotsrv.lpr"/>
        <Caret Line="265" Column="17" TopLine="72"/>
      </Position5>
      <Position6>
        <Filename Value="vplotsrv.lpr"/>
        <Caret Line="258" Column="33" TopLine="246"/>
      </Position6>
      <Position7>
        <Filename Value="vplotsrv.lpr"/>
        <Caret Line="265" Column="25" TopLine="246"/>
      </Position7>
      <Position8>
        <Filename Value="vplotsrv.lpr"/>
        <Caret Line="37" Column="5" TopLine="18"/>
      </Position8>
      <Position9>
        <Filename Value="vplotsrv.lpr"/>
        <Caret Line="62" Column="21" TopLine="36"/>
      </Position9>
      <Position10>
        <Filename Value="vplotsrv.lpr"/>
        <Caret Line="186" Column="30" TopLine="162"/>
      </Position10>
      <Position11>
        <Filename Value="vplotsrv.lpr"/>
        <Caret Line="158" Column="27" TopLine="139"/>
      </Position11>
      <Position12>
        <Filename Value="vplotsrv.lpr"/>
        <Caret Line="178" Column="85" TopLine="226"/>
      </Position12>
      <Position13>
        <Filename Value="vplotsrv.lpr"/>
        <Caret Line="230" Column="55" TopLine="255"/>
      </Position13>
      <Position14>
        <Filename Value="vplotsrv.lpr"/>
        <Caret Line="265" Column="21" TopLine="245"/>
      </Position14>
      <Position15>
        <Filename Value="vplotsrv.lpr"/>
        <Caret Line="268" Column="3" TopLine="259"/>
      </Position15>
      <Position16>
        <Filename Value="vplotsrv.lpr"/>
        <Caret Line="319" Column="46" TopLine="298"/>
      </Position16>
      <Position17>
        <Filename Value="vplotsrv.lpr"/>
        <Caret Line="144" Column="56" TopLine="74"/>
      </Position17>
      <Position18>
        <Filename Value="vplotsrv.lpr"/>
        <Caret Line="159" Column="11" TopLine="141"/>
      </Position18>
      <Position19>
        <Filename Value="vplotsrv.lpr"/>
        <Caret Line="122" Column="3" TopLine="137"/>
      </Position19>
      <Position20>
        <Filename Value="vplotsrv.lpr"/>
        <Caret Line="124" Column="22" TopLine="109"/>
      </Position20>
      <Position21>
        <Filename Value="vplotsrv.lpr"/>
        <Caret Line="278" Column="34" TopLine="268"/>
      </Position21>
      <Position22>
        <Filename Value="vplotsrv.lpr"/>
        <Caret Line="277" Column="19" TopLine="262"/>
      </Position22>
      <Position23>
        <Filename Value="vplotsrv.lpr"/>
        <Caret Line="67" Column="34" TopLine="43"/>
      </Position23>
      <Position24>
        <Filename Value="vplotsrv.lpr"/>
        <Caret Line="218" Column="31" TopLine="203"/>
      </Position24>
      <Position25>
        <Filename Value="vplotsrv.lpr"/>
        <Caret Line="335" Column="21" TopLine="309"/>
      </Position25>
      <Position26>
        <Filename Value="vplotsrv.lpr"/>
        <Caret Line="66" Column="23" TopLine="51"/>
      </Position26>
      <Position27>
        <Filename Value="vplotsrv.lpr"/>
        <Caret Line="238" Column="60" TopLine="218"/>
      </Position27>
      <Position28>
        <Filename Value="vplotsrv.lpr"/>
        <Caret Line="232" Column="9" TopLine="217"/>
      </Position28>
      <Position29>
        <Filename Value="vplotsrv.lpr"/>
        <Caret Line="243" Column="7" TopLine="229"/>
      </Position29>
      <Position30>
        <Filename Value="vplotsrv.lpr"/>
        <Caret Line="232" Column="7" TopLine="219"/>
      </Position30>
    </JumpHistory>
  </ProjectOptions>
  <CompilerOptions>
    <Version Value="11"/>
    <Target>
      <Filename Value="build/$(TargetCPU)-$(TargetOS)/bin/vplotsrv"/>
    </Target>
    <SearchPaths>
      <IncludeFiles Value="$(ProjOutDir);src"/>
      <OtherUnitFiles Value="src"/>
      <UnitOutputDirectory Value="build/$(TargetCPU)-$(TargetOS)/lib"/>
    </SearchPaths>
    <Parsing>
      <SyntaxOptions>
        <CStyleOperator Value="False"/>
        <IncludeAssertionCode Value="True"/>
        <AllowLabel Value="False"/>
        <CPPInline Value="False"/>
        <UseAnsiStrings Value="False"/>
      </SyntaxOptions>
    </Parsing>
    <CodeGeneration>
      <Checks>
        <IOChecks Value="True"/>
        <RangeChecks Value="True"/>
        <OverflowChecks Value="True"/>
        <StackChecks Value="True"/>
      </Checks>
      <VerifyObjMethodCallValidity Value="True"/>
      <Optimizations>
        <OptimizationLevel Value="0"/>
      </Optimizations>
    </CodeGeneration>
  </CompilerOptions>
  <Debugging>
    <Exceptions Count="3">
      <Item1>
        <Name Value="EAbort"/>
      </Item1>
      <Item2>
        <Name Value="ECodetoolError"/>
      </Item2>
      <Item3>
        <Name Value="EFOpenError"/>
      </Item3>
    </Exceptions>
  </Debugging>
</CONFIG>
