<?xml version="1.0" encoding="UTF-8"?>
<CONFIG>
  <ProjectOptions>
    <Version Value="10"/>
    <General>
      <MainUnit Value="0"/>
      <Title Value="VPlot Driver"/>
      <UseXPManifest Value="True"/>
      <Icon Value="0"/>
    </General>
    <BuildModes Count="1" Active="Default">
      <Item1 Name="Default" Default="True"/>
    </BuildModes>
    <PublishOptions>
      <Version Value="2"/>
    </PublishOptions>
    <RunParams>
      <local>
        <FormatVersion Value="1"/>
      </local>
    </RunParams>
    <RequiredPackages Count="2">
      <Item1>
        <PackageName Value="LazControls"/>
      </Item1>
      <Item2>
        <PackageName Value="LCL"/>
      </Item2>
    </RequiredPackages>
    <Units Count="16">
      <Unit0>
        <Filename Value="vplot.lpr"/>
        <IsPartOfProject Value="True"/>
        <CursorPos X="21" Y="16"/>
        <UsageCount Value="78"/>
        <Loaded Value="True"/>
      </Unit0>
      <Unit1>
        <Filename Value="src/main.pas"/>
        <IsPartOfProject Value="True"/>
        <ComponentName Value="MainForm"/>
        <HasResources Value="True"/>
        <ResourceBaseClass Value="Form"/>
        <IsVisibleTab Value="True"/>
        <EditorIndex Value="1"/>
        <TopLine Value="96"/>
        <CursorPos X="9" Y="120"/>
        <UsageCount Value="78"/>
        <Loaded Value="True"/>
        <LoadedDesigner Value="True"/>
      </Unit1>
      <Unit2>
        <Filename Value="src/libvplot.pas"/>
        <IsPartOfProject Value="True"/>
        <EditorIndex Value="3"/>
        <TopLine Value="396"/>
        <CursorPos X="79" Y="427"/>
        <UsageCount Value="78"/>
        <Loaded Value="True"/>
      </Unit2>
      <Unit3>
        <Filename Value="src/view.pas"/>
        <IsPartOfProject Value="True"/>
        <ComponentName Value="viewform"/>
        <HasResources Value="True"/>
        <ResourceBaseClass Value="Form"/>
        <EditorIndex Value="2"/>
        <CursorPos X="52" Y="14"/>
        <UsageCount Value="22"/>
        <Loaded Value="True"/>
        <LoadedDesigner Value="True"/>
      </Unit3>
      <Unit4>
        <Filename Value="../fpc/source/rtl/objpas/classes/classesh.inc"/>
        <EditorIndex Value="-1"/>
        <TopLine Value="1624"/>
        <CursorPos X="49" Y="1638"/>
        <UsageCount Value="6"/>
      </Unit4>
      <Unit5>
        <Filename Value="../fpc/source/rtl/inc/objpash.inc"/>
        <EditorIndex Value="-1"/>
        <TopLine Value="185"/>
        <CursorPos X="23" Y="193"/>
        <UsageCount Value="9"/>
      </Unit5>
      <Unit6>
        <Filename Value="../lazarus/lcl/stdctrls.pp"/>
        <UnitName Value="StdCtrls"/>
        <EditorIndex Value="-1"/>
        <TopLine Value="568"/>
        <CursorPos X="28" Y="577"/>
        <UsageCount Value="6"/>
      </Unit6>
      <Unit7>
        <Filename Value="../lazarus/lcl/include/customlistbox.inc"/>
        <EditorIndex Value="-1"/>
        <TopLine Value="176"/>
        <CursorPos X="25" Y="196"/>
        <UsageCount Value="6"/>
      </Unit7>
      <Unit8>
        <Filename Value="../lazarus/lcl/lclproc.pas"/>
        <UnitName Value="LCLProc"/>
        <EditorIndex Value="-1"/>
        <TopLine Value="898"/>
        <CursorPos X="13" Y="912"/>
        <UsageCount Value="8"/>
      </Unit8>
      <Unit9>
        <Filename Value="../fpc/source/rtl/inc/mathh.inc"/>
        <EditorIndex Value="-1"/>
        <TopLine Value="72"/>
        <CursorPos X="14" Y="89"/>
        <UsageCount Value="10"/>
      </Unit9>
      <Unit10>
        <Filename Value="../fpc/source/rtl/objpas/objpas.pp"/>
        <EditorIndex Value="-1"/>
        <CursorPos X="8" Y="33"/>
        <UsageCount Value="9"/>
      </Unit10>
      <Unit11>
        <Filename Value="../fpc/source/rtl/inc/systemh.inc"/>
        <EditorIndex Value="-1"/>
        <TopLine Value="555"/>
        <CursorPos X="26" Y="576"/>
        <UsageCount Value="9"/>
      </Unit11>
      <Unit12>
        <Filename Value="../fpc/source/packages/fcl-base/src/inifiles.pp"/>
        <UnitName Value="IniFiles"/>
        <EditorIndex Value="-1"/>
        <TopLine Value="145"/>
        <CursorPos X="24" Y="173"/>
        <UsageCount Value="10"/>
      </Unit12>
      <Unit13>
        <Filename Value="../lazarus/lcl/graphics.pp"/>
        <UnitName Value="Graphics"/>
        <EditorIndex Value="-1"/>
        <TopLine Value="1444"/>
        <CursorPos X="17" Y="1466"/>
        <UsageCount Value="10"/>
      </Unit13>
      <Unit14>
        <Filename Value="../fpc/source/packages/fcl-image/src/fpcanvas.pp"/>
        <UnitName Value="FPCanvas"/>
        <EditorIndex Value="-1"/>
        <TopLine Value="330"/>
        <CursorPos X="15" Y="349"/>
        <UsageCount Value="10"/>
      </Unit14>
      <Unit15>
        <Filename Value="../fpc/source/rtl/inc/typshrdh.inc"/>
        <EditorIndex Value="-1"/>
        <TopLine Value="54"/>
        <CursorPos X="3" Y="62"/>
        <UsageCount Value="10"/>
      </Unit15>
    </Units>
    <JumpHistory Count="5" HistoryIndex="4">
      <Position1>
        <Filename Value="vplot.lpr"/>
        <Caret Line="24"/>
      </Position1>
      <Position2>
        <Filename Value="vplot.lpr"/>
        <Caret Line="10" Column="13"/>
      </Position2>
      <Position3>
        <Filename Value="src/main.pas"/>
        <Caret Line="76" Column="76" TopLine="65"/>
      </Position3>
      <Position4>
        <Filename Value="src/main.pas"/>
        <Caret Line="120" Column="9" TopLine="93"/>
      </Position4>
      <Position5>
        <Filename Value="src/main.pas"/>
        <Caret Line="87" Column="11" TopLine="65"/>
      </Position5>
    </JumpHistory>
  </ProjectOptions>
  <CompilerOptions>
    <Version Value="11"/>
    <Target>
      <Filename Value="build/$(TargetCPU)-$(TargetOS)/bin/vplot"/>
    </Target>
    <SearchPaths>
      <IncludeFiles Value="$(ProjOutDir)"/>
      <OtherUnitFiles Value="src"/>
      <UnitOutputDirectory Value="build/$(TargetCPU)-$(TargetOS)/lib"/>
    </SearchPaths>
    <Parsing>
      <SyntaxOptions>
        <CStyleOperator Value="False"/>
        <AllowLabel Value="False"/>
        <CPPInline Value="False"/>
        <UseAnsiStrings Value="False"/>
      </SyntaxOptions>
    </Parsing>
    <CodeGeneration>
      <SmartLinkUnit Value="True"/>
      <Optimizations>
        <OptimizationLevel Value="3"/>
      </Optimizations>
    </CodeGeneration>
    <Linking>
      <Debugging>
        <GenerateDebugInfo Value="False"/>
        <UseLineInfoUnit Value="False"/>
      </Debugging>
      <LinkSmart Value="True"/>
      <Options>
        <Win32>
          <GraphicApplication Value="True"/>
        </Win32>
      </Options>
    </Linking>
  </CompilerOptions>
  <Debugging>
    <Exceptions Count="3">
      <Item1>
        <Name Value="EAbort"/>
      </Item1>
      <Item2>
        <Name Value="ECodetoolError"/>
      </Item2>
      <Item3>
        <Name Value="EFOpenError"/>
      </Item3>
    </Exceptions>
  </Debugging>
</CONFIG>
