<?xml version="1.0" encoding="UTF-8"?>
<CONFIG>
  <ProjectOptions>
    <Version Value="11"/>
    <General>
      <Flags>
        <MainUnitHasCreateFormStatements Value="False"/>
        <MainUnitHasTitleStatement Value="False"/>
        <MainUnitHasScaledStatement Value="False"/>
      </Flags>
      <MainUnit Value="0"/>
      <Title Value="vplotserver"/>
      <UseAppBundle Value="False"/>
      <ResourceType Value="res"/>
    </General>
    <BuildModes Count="1" Active="Default">
      <Item1 Name="Default" Default="True"/>
    </BuildModes>
    <PublishOptions>
      <Version Value="2"/>
      <UseFileFilters Value="True"/>
    </PublishOptions>
    <RunParams>
      <FormatVersion Value="2"/>
      <Modes Count="0"/>
    </RunParams>
    <RequiredPackages Count="1">
      <Item1>
        <PackageName Value="lnetbase"/>
      </Item1>
    </RequiredPackages>
    <Units Count="21">
      <Unit0>
        <Filename Value="vplotserver.lpr"/>
        <IsPartOfProject Value="True"/>
        <IsVisibleTab Value="True"/>
        <TopLine Value="136"/>
        <CursorPos X="32" Y="146"/>
        <FoldState Value=" T3iR0H$"/>
        <UsageCount Value="41"/>
        <Loaded Value="True"/>
      </Unit0>
      <Unit1>
        <Filename Value="../../.lazarus/onlinepackagemanager/packages/lnet/examples/console/ltcp/lserver.pp"/>
        <EditorIndex Value="-1"/>
        <TopLine Value="77"/>
        <CursorPos X="42" Y="121"/>
        <UsageCount Value="10"/>
      </Unit1>
      <Unit2>
        <Filename Value="../../.lazarus/onlinepackagemanager/packages/lnet/lib/lnet.pp"/>
        <UnitName Value="lNet"/>
        <EditorIndex Value="-1"/>
        <TopLine Value="338"/>
        <CursorPos X="15" Y="386"/>
        <UsageCount Value="10"/>
      </Unit2>
      <Unit3>
        <Filename Value="src/vppaths.pas"/>
        <EditorIndex Value="-1"/>
        <TopLine Value="108"/>
        <CursorPos X="20" Y="184"/>
        <FoldState Value=" T3jU0I28"/>
        <UsageCount Value="12"/>
      </Unit3>
      <Unit4>
        <Filename Value="src/vpsrvdriver.pas"/>
        <EditorIndex Value="-1"/>
        <TopLine Value="30"/>
        <CursorPos X="21" Y="64"/>
        <UsageCount Value="16"/>
      </Unit4>
      <Unit5>
        <Filename Value="src/vpmath.pas"/>
        <EditorIndex Value="-1"/>
        <TopLine Value="43"/>
        <UsageCount Value="11"/>
      </Unit5>
      <Unit6>
        <Filename Value="/usr/share/fpcsrc/3.0.4/packages/hash/src/md5.pp"/>
        <EditorIndex Value="-1"/>
        <TopLine Value="175"/>
        <UsageCount Value="10"/>
      </Unit6>
      <Unit7>
        <Filename Value="/usr/share/fpcsrc/3.0.4/packages/hash/src/crc.pas"/>
        <EditorIndex Value="-1"/>
        <TopLine Value="4"/>
        <CursorPos X="67" Y="30"/>
        <UsageCount Value="10"/>
      </Unit7>
      <Unit8>
        <Filename Value="/usr/share/fpcsrc/3.0.4/packages/hash/src/sha1.pp"/>
        <EditorIndex Value="-1"/>
        <TopLine Value="31"/>
        <CursorPos X="19" Y="49"/>
        <UsageCount Value="11"/>
      </Unit8>
      <Unit9>
        <Filename Value="src/vpgcode.pas"/>
        <EditorIndex Value="-1"/>
        <TopLine Value="58"/>
        <CursorPos Y="73"/>
        <UsageCount Value="11"/>
      </Unit9>
      <Unit10>
        <Filename Value="/usr/share/fpcsrc/3.0.4/rtl/objpas/sysutils/sysstrh.inc"/>
        <EditorIndex Value="-1"/>
        <TopLine Value="91"/>
        <CursorPos X="52" Y="98"/>
        <UsageCount Value="10"/>
      </Unit10>
      <Unit11>
        <Filename Value="src/vpsrvsetting.pas"/>
        <EditorIndex Value="-1"/>
        <TopLine Value="12"/>
        <CursorPos X="43" Y="29"/>
        <UsageCount Value="14"/>
      </Unit11>
      <Unit12>
        <Filename Value="/usr/share/fpcsrc/3.0.4/packages/fcl-base/src/inifiles.pp"/>
        <UnitName Value="IniFiles"/>
        <EditorIndex Value="-1"/>
        <TopLine Value="133"/>
        <CursorPos X="14" Y="166"/>
        <UsageCount Value="10"/>
      </Unit12>
      <Unit13>
        <Filename Value="src/vpdriverthread.pas"/>
        <EditorIndex Value="-1"/>
        <UsageCount Value="10"/>
      </Unit13>
      <Unit14>
        <Filename Value="../fpc/source/rtl/objpas/classes/classesh.inc"/>
        <EditorIndex Value="-1"/>
        <TopLine Value="1689"/>
        <CursorPos X="14" Y="1706"/>
        <UsageCount Value="11"/>
      </Unit14>
      <Unit15>
        <Filename Value="../fpc/source/rtl/unix/tthread.inc"/>
        <EditorIndex Value="-1"/>
        <TopLine Value="267"/>
        <CursorPos X="3" Y="285"/>
        <UsageCount Value="10"/>
      </Unit15>
      <Unit16>
        <Filename Value="../fpc/source/packages/rtl-console/src/unix/crt.pp"/>
        <UnitName Value="Crt"/>
        <EditorIndex Value="-1"/>
        <TopLine Value="310"/>
        <UsageCount Value="10"/>
      </Unit16>
      <Unit17>
        <Filename Value="../fpc/source/rtl/objpas/sysutils/sysstrh.inc"/>
        <EditorIndex Value="-1"/>
        <TopLine Value="103"/>
        <CursorPos X="21" Y="118"/>
        <UsageCount Value="10"/>
      </Unit17>
      <Unit18>
        <Filename Value="../fpc/source/rtl/objpas/sysutils/sysstr.inc"/>
        <EditorIndex Value="-1"/>
        <TopLine Value="813"/>
        <CursorPos X="5" Y="816"/>
        <UsageCount Value="10"/>
      </Unit18>
      <Unit19>
        <Filename Value="src/vpsetting.pas"/>
        <EditorIndex Value="2"/>
        <TopLine Value="191"/>
        <CursorPos X="5" Y="206"/>
        <UsageCount Value="11"/>
        <Loaded Value="True"/>
      </Unit19>
      <Unit20>
        <Filename Value="src/vpdriver.pas"/>
        <EditorIndex Value="1"/>
        <TopLine Value="62"/>
        <CursorPos X="20" Y="82"/>
        <UsageCount Value="11"/>
        <Loaded Value="True"/>
      </Unit20>
    </Units>
    <JumpHistory Count="21" HistoryIndex="20">
      <Position1>
        <Filename Value="vplotserver.lpr"/>
        <Caret Line="170" Column="43" TopLine="136"/>
      </Position1>
      <Position2>
        <Filename Value="vplotserver.lpr"/>
        <Caret Line="27" Column="66" TopLine="7"/>
      </Position2>
      <Position3>
        <Filename Value="src/vpdriver.pas"/>
        <Caret Line="135" Column="6" TopLine="115"/>
      </Position3>
      <Position4>
        <Filename Value="src/vpdriver.pas"/>
        <Caret Line="150" Column="6" TopLine="131"/>
      </Position4>
      <Position5>
        <Filename Value="src/vpdriver.pas"/>
        <Caret Line="224" Column="22" TopLine="188"/>
      </Position5>
      <Position6>
        <Filename Value="vplotserver.lpr"/>
        <Caret Line="27" Column="27" TopLine="7"/>
      </Position6>
      <Position7>
        <Filename Value="vplotserver.lpr"/>
        <Caret Line="37" Column="31" TopLine="17"/>
      </Position7>
      <Position8>
        <Filename Value="vplotserver.lpr"/>
        <Caret Line="36" Column="32" TopLine="12"/>
      </Position8>
      <Position9>
        <Filename Value="vplotserver.lpr"/>
        <Caret Line="253" Column="24" TopLine="229"/>
      </Position9>
      <Position10>
        <Filename Value="vplotserver.lpr"/>
        <Caret Line="263" Column="14" TopLine="240"/>
      </Position10>
      <Position11>
        <Filename Value="vplotserver.lpr"/>
        <Caret Line="159" Column="11" TopLine="135"/>
      </Position11>
      <Position12>
        <Filename Value="vplotserver.lpr"/>
        <Caret Line="162" Column="9" TopLine="131"/>
      </Position12>
      <Position13>
        <Filename Value="vplotserver.lpr"/>
        <Caret Line="37" Column="31" TopLine="19"/>
      </Position13>
      <Position14>
        <Filename Value="vplotserver.lpr"/>
        <Caret Line="53" Column="13" TopLine="30"/>
      </Position14>
      <Position15>
        <Filename Value="vplotserver.lpr"/>
        <Caret Line="215" Column="24" TopLine="199"/>
      </Position15>
      <Position16>
        <Filename Value="vplotserver.lpr"/>
        <Caret Line="148" Column="26" TopLine="126"/>
      </Position16>
      <Position17>
        <Filename Value="vplotserver.lpr"/>
        <Caret Line="163" Column="7" TopLine="140"/>
      </Position17>
      <Position18>
        <Filename Value="vplotserver.lpr"/>
        <Caret Line="178" Column="26" TopLine="157"/>
      </Position18>
      <Position19>
        <Filename Value="vplotserver.lpr"/>
        <Caret Line="191" Column="30" TopLine="169"/>
      </Position19>
      <Position20>
        <Filename Value="vplotserver.lpr"/>
        <Caret Line="196" Column="6" TopLine="174"/>
      </Position20>
      <Position21>
        <Filename Value="vplotserver.lpr"/>
        <Caret Line="220" Column="6" TopLine="198"/>
      </Position21>
    </JumpHistory>
  </ProjectOptions>
  <CompilerOptions>
    <Version Value="11"/>
    <Target>
      <Filename Value="build/$(TargetCPU)-$(TargetOS)/bin/vplotserver"/>
    </Target>
    <SearchPaths>
      <IncludeFiles Value="$(ProjOutDir);src"/>
      <OtherUnitFiles Value="src"/>
      <UnitOutputDirectory Value="build/$(TargetCPU)-$(TargetOS)/lib"/>
    </SearchPaths>
    <Parsing>
      <SyntaxOptions>
        <CStyleOperator Value="False"/>
        <AllowLabel Value="False"/>
        <CPPInline Value="False"/>
        <UseAnsiStrings Value="False"/>
      </SyntaxOptions>
    </Parsing>
    <CodeGeneration>
      <SmartLinkUnit Value="True"/>
      <Optimizations>
        <OptimizationLevel Value="4"/>
      </Optimizations>
    </CodeGeneration>
    <Linking>
      <Debugging>
        <GenerateDebugInfo Value="False"/>
        <UseLineInfoUnit Value="False"/>
      </Debugging>
      <LinkSmart Value="True"/>
    </Linking>
  </CompilerOptions>
  <Debugging>
    <Exceptions Count="3">
      <Item1>
        <Name Value="EAbort"/>
      </Item1>
      <Item2>
        <Name Value="ECodetoolError"/>
      </Item2>
      <Item3>
        <Name Value="EFOpenError"/>
      </Item3>
    </Exceptions>
  </Debugging>
</CONFIG>
