<?xml version="1.0" encoding="UTF-8"?>
<CONFIG>
  <ProjectOptions>
    <Version Value="11"/>
    <General>
      <Flags>
        <MainUnitHasCreateFormStatements Value="False"/>
        <MainUnitHasTitleStatement Value="False"/>
        <MainUnitHasScaledStatement Value="False"/>
      </Flags>
      <MainUnit Value="0"/>
      <Title Value="vplotsrv"/>
      <UseAppBundle Value="False"/>
      <ResourceType Value="res"/>
    </General>
    <BuildModes Count="1" Active="Default">
      <Item1 Name="Default" Default="True"/>
    </BuildModes>
    <PublishOptions>
      <Version Value="2"/>
      <UseFileFilters Value="True"/>
    </PublishOptions>
    <RunParams>
      <FormatVersion Value="2"/>
      <Modes Count="0"/>
    </RunParams>
    <RequiredPackages Count="1">
      <Item1>
        <PackageName Value="lnetbase"/>
      </Item1>
    </RequiredPackages>
    <Units Count="14">
      <Unit0>
        <Filename Value="vplotsrv.lpr"/>
        <IsPartOfProject Value="True"/>
        <IsVisibleTab Value="True"/>
        <TopLine Value="125"/>
        <CursorPos X="43" Y="144"/>
        <FoldState Value=" T3iM0G1M"/>
        <UsageCount Value="31"/>
        <Loaded Value="True"/>
      </Unit0>
      <Unit1>
        <Filename Value="../../.lazarus/onlinepackagemanager/packages/lnet/examples/console/ltcp/lserver.pp"/>
        <EditorIndex Value="-1"/>
        <TopLine Value="77"/>
        <CursorPos X="42" Y="121"/>
        <UsageCount Value="10"/>
      </Unit1>
      <Unit2>
        <Filename Value="../../.lazarus/onlinepackagemanager/packages/lnet/lib/lnet.pp"/>
        <UnitName Value="lNet"/>
        <EditorIndex Value="-1"/>
        <CursorPos X="14" Y="380"/>
        <UsageCount Value="10"/>
      </Unit2>
      <Unit3>
        <Filename Value="src/vppaths.pas"/>
        <EditorIndex Value="-1"/>
        <TopLine Value="108"/>
        <CursorPos X="20" Y="184"/>
        <FoldState Value=" T3jU0I28"/>
        <UsageCount Value="12"/>
      </Unit3>
      <Unit4>
        <Filename Value="src/vpsrvdriver.pas"/>
        <EditorIndex Value="1"/>
        <TopLine Value="198"/>
        <CursorPos X="112" Y="227"/>
        <UsageCount Value="13"/>
        <Loaded Value="True"/>
      </Unit4>
      <Unit5>
        <Filename Value="src/vpmath.pas"/>
        <EditorIndex Value="-1"/>
        <TopLine Value="43"/>
        <UsageCount Value="11"/>
      </Unit5>
      <Unit6>
        <Filename Value="/usr/share/fpcsrc/3.0.4/packages/hash/src/md5.pp"/>
        <EditorIndex Value="-1"/>
        <TopLine Value="175"/>
        <UsageCount Value="10"/>
      </Unit6>
      <Unit7>
        <Filename Value="/usr/share/fpcsrc/3.0.4/packages/hash/src/crc.pas"/>
        <EditorIndex Value="-1"/>
        <TopLine Value="4"/>
        <CursorPos X="67" Y="30"/>
        <UsageCount Value="10"/>
      </Unit7>
      <Unit8>
        <Filename Value="/usr/share/fpcsrc/3.0.4/packages/hash/src/sha1.pp"/>
        <EditorIndex Value="-1"/>
        <TopLine Value="31"/>
        <CursorPos X="19" Y="49"/>
        <UsageCount Value="11"/>
      </Unit8>
      <Unit9>
        <Filename Value="src/vpgcode.pas"/>
        <EditorIndex Value="-1"/>
        <TopLine Value="58"/>
        <CursorPos Y="73"/>
        <UsageCount Value="11"/>
      </Unit9>
      <Unit10>
        <Filename Value="/usr/share/fpcsrc/3.0.4/rtl/objpas/sysutils/sysstrh.inc"/>
        <EditorIndex Value="-1"/>
        <TopLine Value="91"/>
        <CursorPos X="52" Y="98"/>
        <UsageCount Value="10"/>
      </Unit10>
      <Unit11>
        <Filename Value="src/vpsrvsetting.pas"/>
        <EditorIndex Value="2"/>
        <TopLine Value="111"/>
        <CursorPos X="78" Y="156"/>
        <UsageCount Value="11"/>
        <Loaded Value="True"/>
      </Unit11>
      <Unit12>
        <Filename Value="/usr/share/fpcsrc/3.0.4/packages/fcl-base/src/inifiles.pp"/>
        <UnitName Value="IniFiles"/>
        <EditorIndex Value="-1"/>
        <TopLine Value="133"/>
        <CursorPos X="14" Y="166"/>
        <UsageCount Value="10"/>
      </Unit12>
      <Unit13>
        <Filename Value="src/vpdriverthread.pas"/>
        <EditorIndex Value="-1"/>
        <UsageCount Value="10"/>
      </Unit13>
    </Units>
    <JumpHistory Count="30" HistoryIndex="29">
      <Position1>
        <Filename Value="src/vpsrvsetting.pas"/>
        <Caret Line="150" Column="3" TopLine="107"/>
      </Position1>
      <Position2>
        <Filename Value="src/vpsrvsetting.pas"/>
        <Caret Line="120" Column="5" TopLine="107"/>
      </Position2>
      <Position3>
        <Filename Value="src/vpsrvsetting.pas"/>
        <Caret Line="124" Column="57" TopLine="107"/>
      </Position3>
      <Position4>
        <Filename Value="src/vpsrvsetting.pas"/>
        <Caret Line="123" Column="51" TopLine="107"/>
      </Position4>
      <Position5>
        <Filename Value="src/vpsrvsetting.pas"/>
        <Caret Line="86" Column="48" TopLine="19"/>
      </Position5>
      <Position6>
        <Filename Value="vplotsrv.lpr"/>
        <Caret Line="27" Column="60" TopLine="4"/>
      </Position6>
      <Position7>
        <Filename Value="vplotsrv.lpr"/>
        <Caret Line="287" Column="3" TopLine="252"/>
      </Position7>
      <Position8>
        <Filename Value="vplotsrv.lpr"/>
        <Caret Line="288" Column="3" TopLine="252"/>
      </Position8>
      <Position9>
        <Filename Value="vplotsrv.lpr"/>
        <Caret Line="295" Column="3" TopLine="252"/>
      </Position9>
      <Position10>
        <Filename Value="src/vpsrvsetting.pas"/>
        <Caret Line="86" Column="14" TopLine="64"/>
      </Position10>
      <Position11>
        <Filename Value="vplotsrv.lpr"/>
        <Caret Line="287" Column="18" TopLine="252"/>
      </Position11>
      <Position12>
        <Filename Value="src/vpsrvsetting.pas"/>
        <Caret Line="86" Column="28" TopLine="57"/>
      </Position12>
      <Position13>
        <Filename Value="vplotsrv.lpr"/>
        <Caret Line="121" TopLine="98"/>
      </Position13>
      <Position14>
        <Filename Value="vplotsrv.lpr"/>
        <Caret Line="122" Column="25" TopLine="99"/>
      </Position14>
      <Position15>
        <Filename Value="vplotsrv.lpr"/>
        <Caret Line="119" Column="26" TopLine="99"/>
      </Position15>
      <Position16>
        <Filename Value="vplotsrv.lpr"/>
        <Caret Line="53" Column="9" TopLine="16"/>
      </Position16>
      <Position17>
        <Filename Value="vplotsrv.lpr"/>
        <Caret Line="305" Column="5" TopLine="269"/>
      </Position17>
      <Position18>
        <Filename Value="src/vpsrvsetting.pas"/>
        <Caret Line="151" Column="57" TopLine="121"/>
      </Position18>
      <Position19>
        <Filename Value="vplotsrv.lpr"/>
        <Caret Line="265" Column="37" TopLine="232"/>
      </Position19>
      <Position20>
        <Filename Value="src/vpsrvdriver.pas"/>
        <Caret Line="135" Column="9" TopLine="118"/>
      </Position20>
      <Position21>
        <Filename Value="src/vpsrvdriver.pas"/>
        <Caret Line="150" Column="9" TopLine="134"/>
      </Position21>
      <Position22>
        <Filename Value="src/vpsrvdriver.pas"/>
        <Caret Line="207" Column="11" TopLine="191"/>
      </Position22>
      <Position23>
        <Filename Value="src/vpsrvdriver.pas"/>
        <Caret Line="213" Column="23" TopLine="196"/>
      </Position23>
      <Position24>
        <Filename Value="src/vpsrvdriver.pas"/>
        <Caret Line="218" Column="13" TopLine="201"/>
      </Position24>
      <Position25>
        <Filename Value="src/vpsrvdriver.pas"/>
        <Caret Line="64" Column="36" TopLine="45"/>
      </Position25>
      <Position26>
        <Filename Value="vplotsrv.lpr"/>
        <Caret Line="202" Column="17" TopLine="193"/>
      </Position26>
      <Position27>
        <Filename Value="vplotsrv.lpr"/>
        <Caret Line="150" Column="44" TopLine="132"/>
      </Position27>
      <Position28>
        <Filename Value="vplotsrv.lpr"/>
        <Caret Line="149" Column="16" TopLine="130"/>
      </Position28>
      <Position29>
        <Filename Value="vplotsrv.lpr"/>
        <Caret Line="150" Column="44" TopLine="131"/>
      </Position29>
      <Position30>
        <Filename Value="vplotsrv.lpr"/>
        <Caret Line="137" Column="37" TopLine="125"/>
      </Position30>
    </JumpHistory>
  </ProjectOptions>
  <CompilerOptions>
    <Version Value="11"/>
    <Target>
      <Filename Value="build/$(TargetCPU)-$(TargetOS)/bin/vplotsrv"/>
    </Target>
    <SearchPaths>
      <IncludeFiles Value="$(ProjOutDir);src"/>
      <OtherUnitFiles Value="src"/>
      <UnitOutputDirectory Value="build/$(TargetCPU)-$(TargetOS)/lib"/>
    </SearchPaths>
    <Parsing>
      <SyntaxOptions>
        <CStyleOperator Value="False"/>
        <IncludeAssertionCode Value="True"/>
        <AllowLabel Value="False"/>
        <CPPInline Value="False"/>
        <UseAnsiStrings Value="False"/>
      </SyntaxOptions>
    </Parsing>
    <CodeGeneration>
      <Checks>
        <IOChecks Value="True"/>
        <RangeChecks Value="True"/>
        <OverflowChecks Value="True"/>
        <StackChecks Value="True"/>
      </Checks>
      <VerifyObjMethodCallValidity Value="True"/>
      <Optimizations>
        <OptimizationLevel Value="0"/>
      </Optimizations>
    </CodeGeneration>
  </CompilerOptions>
  <Debugging>
    <Exceptions Count="3">
      <Item1>
        <Name Value="EAbort"/>
      </Item1>
      <Item2>
        <Name Value="ECodetoolError"/>
      </Item2>
      <Item3>
        <Name Value="EFOpenError"/>
      </Item3>
    </Exceptions>
  </Debugging>
</CONFIG>
