<?xml version="1.0" encoding="UTF-8"?>
<CONFIG>
  <ProjectOptions>
    <Version Value="11"/>
    <General>
      <MainUnit Value="0"/>
      <Title Value="VPlot Driver"/>
      <ResourceType Value="res"/>
      <UseXPManifest Value="True"/>
      <XPManifest>
        <DpiAware Value="True"/>
      </XPManifest>
      <Icon Value="0"/>
    </General>
    <BuildModes Count="1" Active="Default">
      <Item1 Name="Default" Default="True"/>
    </BuildModes>
    <PublishOptions>
      <Version Value="2"/>
    </PublishOptions>
    <RunParams>
      <FormatVersion Value="2"/>
      <Modes Count="1">
        <Mode0 Name="default"/>
      </Modes>
    </RunParams>
    <RequiredPackages Count="1">
      <Item1>
        <PackageName Value="LCL"/>
      </Item1>
    </RequiredPackages>
    <Units Count="70">
      <Unit0>
        <Filename Value="vplot.lpr"/>
        <IsPartOfProject Value="True"/>
        <CursorPos X="38" Y="32"/>
        <UsageCount Value="200"/>
        <Loaded Value="True"/>
      </Unit0>
      <Unit1>
        <Filename Value="src/main.pas"/>
        <ComponentName Value="mainform"/>
        <HasResources Value="True"/>
        <ResourceBaseClass Value="Form"/>
        <EditorIndex Value="-1"/>
        <TopLine Value="43"/>
        <CursorPos X="18" Y="83"/>
        <FoldState Value=" T3jG05p"/>
        <UsageCount Value="195"/>
      </Unit1>
      <Unit2>
        <Filename Value="src/libvplot.pas"/>
        <IsVisibleTab Value="True"/>
        <EditorIndex Value="1"/>
        <TopLine Value="812"/>
        <CursorPos X="14" Y="835"/>
        <UsageCount Value="200"/>
        <Loaded Value="True"/>
      </Unit2>
      <Unit3>
        <Filename Value="src/view.pas"/>
        <ComponentName Value="previewform"/>
        <HasResources Value="True"/>
        <ResourceBaseClass Value="Form"/>
        <EditorIndex Value="-1"/>
        <TopLine Value="15"/>
        <CursorPos X="33" Y="43"/>
        <UsageCount Value="85"/>
      </Unit3>
      <Unit4>
        <Filename Value="../fpc/source/rtl/objpas/classes/classesh.inc"/>
        <EditorIndex Value="-1"/>
        <TopLine Value="2063"/>
        <CursorPos X="10" Y="2085"/>
        <UsageCount Value="7"/>
      </Unit4>
      <Unit5>
        <Filename Value="../fpc/source/rtl/inc/objpash.inc"/>
        <EditorIndex Value="-1"/>
        <TopLine Value="185"/>
        <CursorPos X="23" Y="193"/>
        <UsageCount Value="6"/>
      </Unit5>
      <Unit6>
        <Filename Value="../lazarus/lcl/stdctrls.pp"/>
        <UnitName Value="StdCtrls"/>
        <EditorIndex Value="-1"/>
        <TopLine Value="568"/>
        <CursorPos X="28" Y="577"/>
        <UsageCount Value="3"/>
      </Unit6>
      <Unit7>
        <Filename Value="../lazarus/lcl/include/customlistbox.inc"/>
        <EditorIndex Value="-1"/>
        <TopLine Value="176"/>
        <CursorPos X="25" Y="196"/>
        <UsageCount Value="3"/>
      </Unit7>
      <Unit8>
        <Filename Value="../lazarus/lcl/lclproc.pas"/>
        <UnitName Value="LCLProc"/>
        <EditorIndex Value="-1"/>
        <TopLine Value="898"/>
        <CursorPos X="13" Y="912"/>
        <UsageCount Value="5"/>
      </Unit8>
      <Unit9>
        <Filename Value="../fpc/source/rtl/inc/mathh.inc"/>
        <EditorIndex Value="-1"/>
        <TopLine Value="72"/>
        <CursorPos X="43" Y="79"/>
        <UsageCount Value="10"/>
      </Unit9>
      <Unit10>
        <Filename Value="../fpc/source/rtl/objpas/objpas.pp"/>
        <EditorIndex Value="-1"/>
        <CursorPos X="8" Y="33"/>
        <UsageCount Value="6"/>
      </Unit10>
      <Unit11>
        <Filename Value="../fpc/source/rtl/inc/systemh.inc"/>
        <EditorIndex Value="-1"/>
        <TopLine Value="555"/>
        <CursorPos X="26" Y="576"/>
        <UsageCount Value="6"/>
      </Unit11>
      <Unit12>
        <Filename Value="../fpc/source/packages/fcl-base/src/inifiles.pp"/>
        <UnitName Value="IniFiles"/>
        <EditorIndex Value="-1"/>
        <TopLine Value="145"/>
        <CursorPos X="24" Y="173"/>
        <UsageCount Value="7"/>
      </Unit12>
      <Unit13>
        <Filename Value="../lazarus/lcl/graphics.pp"/>
        <UnitName Value="Graphics"/>
        <EditorIndex Value="-1"/>
        <TopLine Value="1034"/>
        <CursorPos X="5" Y="1055"/>
        <UsageCount Value="11"/>
      </Unit13>
      <Unit14>
        <Filename Value="../fpc/source/packages/fcl-image/src/fpcanvas.pp"/>
        <UnitName Value="FPCanvas"/>
        <EditorIndex Value="-1"/>
        <TopLine Value="330"/>
        <CursorPos X="15" Y="349"/>
        <UsageCount Value="7"/>
      </Unit14>
      <Unit15>
        <Filename Value="../fpc/source/rtl/inc/typshrdh.inc"/>
        <EditorIndex Value="-1"/>
        <TopLine Value="54"/>
        <CursorPos X="3" Y="62"/>
        <UsageCount Value="7"/>
      </Unit15>
      <Unit16>
        <Filename Value="../lazarus/lcl/include/canvas.inc"/>
        <EditorIndex Value="-1"/>
        <TopLine Value="1153"/>
        <CursorPos X="3" Y="1161"/>
        <UsageCount Value="7"/>
      </Unit16>
      <Unit17>
        <Filename Value="../fpc/source/rtl/inc/innr.inc"/>
        <EditorIndex Value="-1"/>
        <TopLine Value="91"/>
        <CursorPos X="4" Y="112"/>
        <UsageCount Value="7"/>
      </Unit17>
      <Unit18>
        <Filename Value="../fpc/source/packages/numlib/src/numlib.pas"/>
        <UnitName Value="NumLib"/>
        <EditorIndex Value="-1"/>
        <TopLine Value="166"/>
        <CursorPos X="109" Y="37"/>
        <UsageCount Value="2"/>
      </Unit18>
      <Unit19>
        <Filename Value="../fpc/source/tests/bench/shootout/obsolete/matrix.pp"/>
        <EditorIndex Value="-1"/>
        <UsageCount Value="10"/>
      </Unit19>
      <Unit20>
        <Filename Value="../fpc/source/rtl/inc/thread.inc"/>
        <EditorIndex Value="-1"/>
        <TopLine Value="511"/>
        <CursorPos X="10" Y="511"/>
        <UsageCount Value="10"/>
      </Unit20>
      <Unit21>
        <Filename Value="../../fpc/source/rtl/objpas/classes/classesh.inc"/>
        <EditorIndex Value="-1"/>
        <TopLine Value="1682"/>
        <CursorPos X="15" Y="1702"/>
        <UsageCount Value="6"/>
      </Unit21>
      <Unit22>
        <Filename Value="../../fpc/source/rtl/inc/mathh.inc"/>
        <EditorIndex Value="-1"/>
        <TopLine Value="73"/>
        <CursorPos X="14" Y="93"/>
        <UsageCount Value="10"/>
      </Unit22>
      <Unit23>
        <Filename Value="../../fpc/source/rtl/inc/ustringh.inc"/>
        <EditorIndex Value="-1"/>
        <CursorPos X="11" Y="32"/>
        <UsageCount Value="10"/>
      </Unit23>
      <Unit24>
        <Filename Value="../../lazarus/lcl/controls.pp"/>
        <UnitName Value="Controls"/>
        <EditorIndex Value="-1"/>
        <TopLine Value="2300"/>
        <CursorPos X="14" Y="2321"/>
        <UsageCount Value="3"/>
      </Unit24>
      <Unit25>
        <Filename Value="../../lazarus/lcl/forms.pp"/>
        <UnitName Value="Forms"/>
        <EditorIndex Value="-1"/>
        <TopLine Value="49"/>
        <CursorPos X="52" Y="56"/>
        <UsageCount Value="4"/>
      </Unit25>
      <Unit26>
        <Filename Value="../../fpc/source/packages/fcl-image/src/fpcanvas.pp"/>
        <UnitName Value="FPCanvas"/>
        <EditorIndex Value="-1"/>
        <TopLine Value="327"/>
        <CursorPos X="15" Y="347"/>
        <UsageCount Value="3"/>
      </Unit26>
      <Unit27>
        <Filename Value="../../lazarus/lcl/extctrls.pp"/>
        <UnitName Value="ExtCtrls"/>
        <EditorIndex Value="-1"/>
        <TopLine Value="429"/>
        <CursorPos X="14" Y="447"/>
        <UsageCount Value="3"/>
      </Unit27>
      <Unit28>
        <Filename Value="../../lazarus/lcl/graphics.pp"/>
        <UnitName Value="Graphics"/>
        <EditorIndex Value="-1"/>
        <TopLine Value="1167"/>
        <CursorPos X="15" Y="1187"/>
        <UsageCount Value="10"/>
      </Unit28>
      <Unit29>
        <Filename Value="../../lazarus/lcl/comctrls.pp"/>
        <UnitName Value="ComCtrls"/>
        <EditorIndex Value="-1"/>
        <TopLine Value="1817"/>
        <CursorPos X="3" Y="1837"/>
        <UsageCount Value="2"/>
      </Unit29>
      <Unit30>
        <Filename Value="src/wiringpi.pas"/>
        <EditorIndex Value="-1"/>
        <TopLine Value="153"/>
        <CursorPos X="30" Y="158"/>
        <UsageCount Value="9"/>
      </Unit30>
      <Unit31>
        <Filename Value="src/pca9685.pas"/>
        <EditorIndex Value="-1"/>
        <TopLine Value="70"/>
        <CursorPos X="101" Y="30"/>
        <UsageCount Value="18"/>
      </Unit31>
      <Unit32>
        <Filename Value="../../kap/trunk/libkapclient.pas"/>
        <EditorIndex Value="-1"/>
        <TopLine Value="8"/>
        <CursorPos X="32" Y="22"/>
        <UsageCount Value="2"/>
      </Unit32>
      <Unit33>
        <Filename Value="../../kap/trunk/kapclientform.pas"/>
        <EditorIndex Value="-1"/>
        <TopLine Value="189"/>
        <CursorPos Y="231"/>
        <UsageCount Value="7"/>
      </Unit33>
      <Unit34>
        <Filename Value="../../fpc/source/rtl/inc/systemh.inc"/>
        <EditorIndex Value="-1"/>
        <TopLine Value="688"/>
        <CursorPos X="3" Y="709"/>
        <UsageCount Value="2"/>
      </Unit34>
      <Unit35>
        <Filename Value="../../fpc/source/tests/bench/shootout/obsolete/matrix.pp"/>
        <EditorIndex Value="-1"/>
        <TopLine Value="29"/>
        <UsageCount Value="2"/>
      </Unit35>
      <Unit36>
        <Filename Value="../../fpc/source/packages/hash/src/sha1.pp"/>
        <EditorIndex Value="-1"/>
        <TopLine Value="266"/>
        <UsageCount Value="2"/>
      </Unit36>
      <Unit37>
        <Filename Value="../../fpc/source/packages/hash/src/crc.pas"/>
        <EditorIndex Value="-1"/>
        <TopLine Value="536"/>
        <CursorPos X="3" Y="71"/>
        <UsageCount Value="2"/>
      </Unit37>
      <Unit38>
        <Filename Value="src/initform.pas"/>
        <ComponentName Value="Form1"/>
        <HasResources Value="True"/>
        <ResourceBaseClass Value="Form"/>
        <EditorIndex Value="-1"/>
        <CursorPos X="39" Y="42"/>
        <UsageCount Value="88"/>
      </Unit38>
      <Unit39>
        <Filename Value="build/arm-linux/lib/main.lrs"/>
        <EditorIndex Value="-1"/>
        <UsageCount Value="3"/>
      </Unit39>
      <Unit40>
        <Filename Value="../../fpc/source/rtl/unix/tthread.inc"/>
        <EditorIndex Value="-1"/>
        <TopLine Value="208"/>
        <CursorPos X="3" Y="210"/>
        <UsageCount Value="4"/>
      </Unit40>
      <Unit41>
        <Filename Value="../../fpc/source/rtl/inc/objpash.inc"/>
        <EditorIndex Value="-1"/>
        <TopLine Value="172"/>
        <CursorPos X="23" Y="193"/>
        <UsageCount Value="5"/>
      </Unit41>
      <Unit42>
        <Filename Value="src/vplotserver.pas"/>
        <EditorIndex Value="-1"/>
        <CursorPos X="26" Y="13"/>
        <UsageCount Value="25"/>
      </Unit42>
      <Unit43>
        <Filename Value="../lnet/lazaruspackage/lnetbase.pas"/>
        <EditorIndex Value="-1"/>
        <CursorPos X="3" Y="11"/>
        <UsageCount Value="5"/>
      </Unit43>
      <Unit44>
        <Filename Value="src/libvplotserver.pas"/>
        <EditorIndex Value="-1"/>
        <CursorPos Y="37"/>
        <UsageCount Value="5"/>
      </Unit44>
      <Unit45>
        <Filename Value="/FPC/3.0.4/source/rtl/objpas/classes/classesh.inc"/>
        <EditorIndex Value="-1"/>
        <TopLine Value="1648"/>
        <CursorPos X="17" Y="1667"/>
        <UsageCount Value="5"/>
      </Unit45>
      <Unit46>
        <Filename Value="/FPC/3.0.4/source/packages/fcl-base/src/inifiles.pp"/>
        <UnitName Value="IniFiles"/>
        <EditorIndex Value="-1"/>
        <TopLine Value="207"/>
        <CursorPos X="3" Y="200"/>
        <UsageCount Value="5"/>
      </Unit46>
      <Unit47>
        <Filename Value="src/mainfrm.pas"/>
        <IsPartOfProject Value="True"/>
        <ComponentName Value="mainform"/>
        <HasResources Value="True"/>
        <ResourceBaseClass Value="Form"/>
        <EditorIndex Value="2"/>
        <TopLine Value="171"/>
        <CursorPos X="107" Y="182"/>
        <FoldState Value=" T3lA046P"/>
        <UsageCount Value="114"/>
        <Loaded Value="True"/>
        <LoadedDesigner Value="True"/>
      </Unit47>
      <Unit48>
        <Filename Value="src/initfrm.pas"/>
        <ComponentName Value="initform"/>
        <HasResources Value="True"/>
        <ResourceBaseClass Value="Form"/>
        <EditorIndex Value="-1"/>
        <CursorPos X="43" Y="21"/>
        <UsageCount Value="95"/>
      </Unit48>
      <Unit49>
        <Filename Value="/FPC/3.0.4/source/packages/fcl-image/src/fpcanvas.pp"/>
        <UnitName Value="FPCanvas"/>
        <EditorIndex Value="-1"/>
        <TopLine Value="251"/>
        <CursorPos X="15" Y="270"/>
        <UsageCount Value="6"/>
      </Unit49>
      <Unit50>
        <Filename Value="/FPC/3.0.4/source/rtl/objpas/math.pp"/>
        <EditorIndex Value="-1"/>
        <TopLine Value="161"/>
        <CursorPos X="10" Y="180"/>
        <UsageCount Value="5"/>
      </Unit50>
      <Unit51>
        <Filename Value="../lazarus/lcl/extctrls.pp"/>
        <UnitName Value="ExtCtrls"/>
        <EditorIndex Value="-1"/>
        <TopLine Value="513"/>
        <CursorPos X="14" Y="532"/>
        <UsageCount Value="10"/>
      </Unit51>
      <Unit52>
        <Filename Value="../bgrabitmap/bgrabitmap/bgrabitmap.pas"/>
        <UnitName Value="BGRABitmap"/>
        <EditorIndex Value="-1"/>
        <TopLine Value="67"/>
        <CursorPos X="9" Y="88"/>
        <UsageCount Value="6"/>
      </Unit52>
      <Unit53>
        <Filename Value="../bgrabitmap/bgrabitmap/bgradefaultbitmap.pas"/>
        <UnitName Value="BGRADefaultBitmap"/>
        <EditorIndex Value="-1"/>
        <TopLine Value="238"/>
        <CursorPos X="3" Y="47"/>
        <UsageCount Value="6"/>
      </Unit53>
      <Unit54>
        <Filename Value="../bgrabitmap/bgrabitmap/bgrapixel.inc"/>
        <EditorIndex Value="-1"/>
        <TopLine Value="151"/>
        <CursorPos X="10" Y="169"/>
        <UsageCount Value="6"/>
      </Unit54>
      <Unit55>
        <Filename Value="../bgrabitmap/bgrabitmap/bgrawinbitmap.pas"/>
        <UnitName Value="BGRAWinBitmap"/>
        <EditorIndex Value="-1"/>
        <TopLine Value="27"/>
        <CursorPos X="3" Y="36"/>
        <UsageCount Value="6"/>
      </Unit55>
      <Unit56>
        <Filename Value="../bgrabitmap/bgrabitmap/csscolorconst.inc"/>
        <EditorIndex Value="-1"/>
        <CursorPos X="3" Y="12"/>
        <UsageCount Value="5"/>
      </Unit56>
      <Unit57>
        <Filename Value="../bgrabitmap/bgrabitmap/bgracustombitmap.inc"/>
        <EditorIndex Value="-1"/>
        <CursorPos X="3" Y="18"/>
        <UsageCount Value="5"/>
      </Unit57>
      <Unit58>
        <Filename Value="../bgrabitmap/bgrabitmap/bgralclbitmap.pas"/>
        <UnitName Value="BGRALCLBitmap"/>
        <EditorIndex Value="-1"/>
        <CursorPos X="3" Y="13"/>
        <UsageCount Value="6"/>
      </Unit58>
      <Unit59>
        <Filename Value="../bgrabitmap/bgrabitmap/bgragraphics.pas"/>
        <UnitName Value="BGRAGraphics"/>
        <EditorIndex Value="-1"/>
        <CursorPos X="3" Y="19"/>
        <UsageCount Value="6"/>
      </Unit59>
      <Unit60>
        <Filename Value="../lazarus/lcl/include/custombitmap.inc"/>
        <EditorIndex Value="-1"/>
        <TopLine Value="7"/>
        <CursorPos X="3" Y="38"/>
        <UsageCount Value="6"/>
      </Unit60>
      <Unit61>
        <Filename Value="../lazarus/lcl/include/rasterimage.inc"/>
        <EditorIndex Value="-1"/>
        <TopLine Value="154"/>
        <CursorPos X="3" Y="156"/>
        <UsageCount Value="6"/>
      </Unit61>
      <Unit62>
        <Filename Value="../lnet/lib/lnet.pp"/>
        <UnitName Value="lNet"/>
        <EditorIndex Value="-1"/>
        <TopLine Value="361"/>
        <CursorPos X="14" Y="380"/>
        <UsageCount Value="10"/>
      </Unit62>
      <Unit63>
        <Filename Value="../lnet/lazaruspackage/lnetcomponents.pas"/>
        <UnitName Value="lNetComponents"/>
        <EditorIndex Value="-1"/>
        <TopLine Value="34"/>
        <CursorPos X="3" Y="39"/>
        <UsageCount Value="8"/>
      </Unit63>
      <Unit64>
        <Filename Value="vplotserver.lpr"/>
        <EditorIndex Value="-1"/>
        <TopLine Value="67"/>
        <CursorPos X="22" Y="91"/>
        <UsageCount Value="24"/>
      </Unit64>
      <Unit65>
        <Filename Value="/FPC/3.0.4/source/rtl/objpas/objpas.pp"/>
        <EditorIndex Value="-1"/>
        <CursorPos X="8" Y="33"/>
        <UsageCount Value="9"/>
      </Unit65>
      <Unit66>
        <Filename Value="/FPC/3.0.4/source/rtl/inc/systemh.inc"/>
        <EditorIndex Value="-1"/>
        <TopLine Value="556"/>
        <CursorPos X="3" Y="576"/>
        <UsageCount Value="9"/>
      </Unit66>
      <Unit67>
        <Filename Value="/FPC/3.0.4/source/rtl/objpas/classes/streams.inc"/>
        <EditorIndex Value="-1"/>
        <TopLine Value="697"/>
        <CursorPos X="3" Y="700"/>
        <UsageCount Value="10"/>
      </Unit67>
      <Unit68>
        <Filename Value="../../lazarus/lcl/include/custombitmap.inc"/>
        <EditorIndex Value="-1"/>
        <TopLine Value="307"/>
        <CursorPos X="3" Y="313"/>
        <UsageCount Value="10"/>
      </Unit68>
      <Unit69>
        <Filename Value="/FPC/3.0.4/source/rtl/objpas/sysutils/sysinth.inc"/>
        <EditorIndex Value="-1"/>
        <TopLine Value="116"/>
        <CursorPos X="3" Y="134"/>
        <UsageCount Value="10"/>
      </Unit69>
    </Units>
    <JumpHistory Count="30" HistoryIndex="29">
      <Position1>
        <Filename Value="src/mainfrm.pas"/>
        <Caret Line="258" Column="54" TopLine="257"/>
      </Position1>
      <Position2>
        <Filename Value="src/mainfrm.pas"/>
        <Caret Line="312" Column="26" TopLine="117"/>
      </Position2>
      <Position3>
        <Filename Value="src/mainfrm.pas"/>
        <Caret Line="264" Column="3" TopLine="259"/>
      </Position3>
      <Position4>
        <Filename Value="src/mainfrm.pas"/>
        <Caret Line="232" TopLine="176"/>
      </Position4>
      <Position5>
        <Filename Value="src/libvplot.pas"/>
        <Caret Line="141" Column="19" TopLine="95"/>
      </Position5>
      <Position6>
        <Filename Value="src/mainfrm.pas"/>
        <Caret Line="77" Column="29" TopLine="57"/>
      </Position6>
      <Position7>
        <Filename Value="src/libvplot.pas"/>
        <Caret Line="413" Column="49" TopLine="392"/>
      </Position7>
      <Position8>
        <Filename Value="src/mainfrm.pas"/>
        <Caret Line="156" Column="15" TopLine="138"/>
      </Position8>
      <Position9>
        <Filename Value="src/mainfrm.pas"/>
        <Caret Line="404" Column="20" TopLine="370"/>
      </Position9>
      <Position10>
        <Filename Value="src/mainfrm.pas"/>
        <Caret Line="432" Column="11" TopLine="410"/>
      </Position10>
      <Position11>
        <Filename Value="src/mainfrm.pas"/>
        <Caret Line="438" Column="49" TopLine="389"/>
      </Position11>
      <Position12>
        <Filename Value="src/mainfrm.pas"/>
        <Caret Line="87" TopLine="80"/>
      </Position12>
      <Position13>
        <Filename Value="src/mainfrm.pas"/>
        <Caret Line="123" Column="27" TopLine="103"/>
      </Position13>
      <Position14>
        <Filename Value="src/mainfrm.pas"/>
        <Caret Line="139" Column="16" TopLine="122"/>
      </Position14>
      <Position15>
        <Filename Value="src/mainfrm.pas"/>
        <Caret Line="343" Column="7" TopLine="311"/>
      </Position15>
      <Position16>
        <Filename Value="src/mainfrm.pas"/>
        <Caret Line="348" Column="6" TopLine="328"/>
      </Position16>
      <Position17>
        <Filename Value="src/mainfrm.pas"/>
        <Caret Line="382" TopLine="360"/>
      </Position17>
      <Position18>
        <Filename Value="src/libvplot.pas"/>
        <Caret Line="832" Column="28" TopLine="734"/>
      </Position18>
      <Position19>
        <Filename Value="src/mainfrm.pas"/>
        <Caret Line="377" Column="64" TopLine="365"/>
      </Position19>
      <Position20>
        <Filename Value="src/mainfrm.pas"/>
        <Caret Line="378" Column="64" TopLine="366"/>
      </Position20>
      <Position21>
        <Filename Value="src/mainfrm.pas"/>
        <Caret Line="377" Column="64" TopLine="365"/>
      </Position21>
      <Position22>
        <Filename Value="src/mainfrm.pas"/>
        <Caret Line="385" Column="59" TopLine="174"/>
      </Position22>
      <Position23>
        <Filename Value="src/mainfrm.pas"/>
        <Caret Line="389" Column="59" TopLine="370"/>
      </Position23>
      <Position24>
        <Filename Value="src/libvplot.pas"/>
        <Caret Line="223" TopLine="205"/>
      </Position24>
      <Position25>
        <Filename Value="src/mainfrm.pas"/>
        <Caret Line="375" Column="41" TopLine="358"/>
      </Position25>
      <Position26>
        <Filename Value="src/mainfrm.pas"/>
        <Caret Line="237" Column="18" TopLine="218"/>
      </Position26>
      <Position27>
        <Filename Value="src/mainfrm.pas"/>
        <Caret Line="127" Column="27" TopLine="102"/>
      </Position27>
      <Position28>
        <Filename Value="src/mainfrm.pas"/>
        <Caret Line="247" Column="56" TopLine="219"/>
      </Position28>
      <Position29>
        <Filename Value="src/mainfrm.pas"/>
        <Caret Line="230" Column="14" TopLine="212"/>
      </Position29>
      <Position30>
        <Filename Value="src/mainfrm.pas"/>
        <Caret Line="118" Column="44" TopLine="84"/>
      </Position30>
    </JumpHistory>
  </ProjectOptions>
  <CompilerOptions>
    <Version Value="11"/>
    <Target>
      <Filename Value="build/$(TargetCPU)-$(TargetOS)/bin/vplot"/>
    </Target>
    <SearchPaths>
      <IncludeFiles Value="$(ProjOutDir)"/>
      <OtherUnitFiles Value="src"/>
      <UnitOutputDirectory Value="build/$(TargetCPU)-$(TargetOS)/lib"/>
    </SearchPaths>
    <Parsing>
      <SyntaxOptions>
        <CStyleOperator Value="False"/>
        <AllowLabel Value="False"/>
        <CPPInline Value="False"/>
        <UseAnsiStrings Value="False"/>
      </SyntaxOptions>
    </Parsing>
  </CompilerOptions>
  <Debugging>
    <Exceptions Count="3">
      <Item1>
        <Name Value="EAbort"/>
      </Item1>
      <Item2>
        <Name Value="ECodetoolError"/>
      </Item2>
      <Item3>
        <Name Value="EFOpenError"/>
      </Item3>
    </Exceptions>
  </Debugging>
</CONFIG>
